// !$*UTF8*$!
{
	archiveVersion = 1;
	classes = {
	};
	objectVersion = 50;
	objects = {

/* Begin PBXBuildFile section */
		8478BA4323E89E23003A72DD /* yuanmingyuan.jpg in Resources */ = {isa = PBXBuildFile; fileRef = 8478BA4023E89E23003A72DD /* yuanmingyuan.jpg */; };
		8478BA4423E89E23003A72DD /* yuyuantangongyuan.jpg in Resources */ = {isa = PBXBuildFile; fileRef = 8478BA4123E89E23003A72DD /* yuyuantangongyuan.jpg */; };
		8478BA4523E89E23003A72DD /* changcheng.jpg in Resources */ = {isa = PBXBuildFile; fileRef = 8478BA4223E89E23003A72DD /* changcheng.jpg */; };
		84F32D9E23E87B2C00F82F48 /* AppDelegate.swift in Sources */ = {isa = PBXBuildFile; fileRef = 84F32D9D23E87B2C00F82F48 /* AppDelegate.swift */; };
		84F32DA023E87B2C00F82F48 /* SceneDelegate.swift in Sources */ = {isa = PBXBuildFile; fileRef = 84F32D9F23E87B2C00F82F48 /* SceneDelegate.swift */; };
		84F32DA223E87B2C00F82F48 /* ContentView.swift in Sources */ = {isa = PBXBuildFile; fileRef = 84F32DA123E87B2C00F82F48 /* ContentView.swift */; };
		84F32DA423E87B2F00F82F48 /* Assets.xcassets in Resources */ = {isa = PBXBuildFile; fileRef = 84F32DA323E87B2F00F82F48 /* Assets.xcassets */; };
		84F32DA723E87B2F00F82F48 /* Preview Assets.xcassets in Resources */ = {isa = PBXBuildFile; fileRef = 84F32DA623E87B2F00F82F48 /* Preview Assets.xcassets */; };
		84F32DAA23E87B2F00F82F48 /* LaunchScreen.storyboard in Resources */ = {isa = PBXBuildFile; fileRef = 84F32DA823E87B2F00F82F48 /* LaunchScreen.storyboard */; };
		84F32DB223E8865400F82F48 /* CircleImage.swift in Sources */ = {isa = PBXBuildFile; fileRef = 84F32DB123E8865400F82F48 /* CircleImage.swift */; };
		84F32DB423E8879900F82F48 /* MapView.swift in Sources */ = {isa = PBXBuildFile; fileRef = 84F32DB323E8879900F82F48 /* MapView.swift */; };
		84F32DB723E895F800F82F48 /* Scene.swift in Sources */ = {isa = PBXBuildFile; fileRef = 84F32DB623E895F800F82F48 /* Scene.swift */; };
		84F32DBB23E896AE00F82F48 /* Data.swift in Sources */ = {isa = PBXBuildFile; fileRef = 84F32DBA23E896AE00F82F48 /* Data.swift */; };
		84F32DBE23E896D000F82F48 /* sampleData.json in Resources */ = {isa = PBXBuildFile; fileRef = 84F32DBD23E896D000F82F48 /* sampleData.json */; };
		84F32DC023E8973900F82F48 /* SceneDetail.swift in Sources */ = {isa = PBXBuildFile; fileRef = 84F32DBF23E8973900F82F48 /* SceneDetail.swift */; };
		84F32DC323E897DF00F82F48 /* SceneRow.swift in Sources */ = {isa = PBXBuildFile; fileRef = 84F32DC223E897DF00F82F48 /* SceneRow.swift */; };
		84F32DC523E8992400F82F48 /* SceneList.swift in Sources */ = {isa = PBXBuildFile; fileRef = 84F32DC423E8992400F82F48 /* SceneList.swift */; };
		84F32DC723E8995600F82F48 /* UserData.swift in Sources */ = {isa = PBXBuildFile; fileRef = 84F32DC623E8995600F82F48 /* UserData.swift */; };
/* End PBXBuildFile section */

/* Begin PBXFileReference section */
		8478BA4023E89E23003A72DD /* yuanmingyuan.jpg */ = {isa = PBXFileReference; lastKnownFileType = image.jpeg; path = yuanmingyuan.jpg; sourceTree = "<group>"; };
		8478BA4123E89E23003A72DD /* yuyuantangongyuan.jpg */ = {isa = PBXFileReference; lastKnownFileType = image.jpeg; path = yuyuantangongyuan.jpg; sourceTree = "<group>"; };
		8478BA4223E89E23003A72DD /* changcheng.jpg */ = {isa = PBXFileReference; lastKnownFileType = image.jpeg; path = changcheng.jpg; sourceTree = "<group>"; };
		84F32D9A23E87B2C00F82F48 /* 01-SwiftUI Essentials.app */ = {isa = PBXFileReference; explicitFileType = wrapper.application; includeInIndex = 0; path = "01-SwiftUI Essentials.app"; sourceTree = BUILT_PRODUCTS_DIR; };
		84F32D9D23E87B2C00F82F48 /* AppDelegate.swift */ = {isa = PBXFileReference; lastKnownFileType = sourcecode.swift; path = AppDelegate.swift; sourceTree = "<group>"; };
		84F32D9F23E87B2C00F82F48 /* SceneDelegate.swift */ = {isa = PBXFileReference; lastKnownFileType = sourcecode.swift; path = SceneDelegate.swift; sourceTree = "<group>"; };
		84F32DA123E87B2C00F82F48 /* ContentView.swift */ = {isa = PBXFileReference; lastKnownFileType = sourcecode.swift; path = ContentView.swift; sourceTree = "<group>"; };
		84F32DA323E87B2F00F82F48 /* Assets.xcassets */ = {isa = PBXFileReference; lastKnownFileType = folder.assetcatalog; path = Assets.xcassets; sourceTree = "<group>"; };
		84F32DA623E87B2F00F82F48 /* Preview Assets.xcassets */ = {isa = PBXFileReference; lastKnownFileType = folder.assetcatalog; path = "Preview Assets.xcassets"; sourceTree = "<group>"; };
		84F32DA923E87B2F00F82F48 /* Base */ = {isa = PBXFileReference; lastKnownFileType = file.storyboard; name = Base; path = Base.lproj/LaunchScreen.storyboard; sourceTree = "<group>"; };
		84F32DAB23E87B2F00F82F48 /* Info.plist */ = {isa = PBXFileReference; lastKnownFileType = text.plist.xml; path = Info.plist; sourceTree = "<group>"; };
		84F32DB123E8865400F82F48 /* CircleImage.swift */ = {isa = PBXFileReference; lastKnownFileType = sourcecode.swift; path = CircleImage.swift; sourceTree = "<group>"; };
		84F32DB323E8879900F82F48 /* MapView.swift */ = {isa = PBXFileReference; lastKnownFileType = sourcecode.swift; path = MapView.swift; sourceTree = "<group>"; };
		84F32DB623E895F800F82F48 /* Scene.swift */ = {isa = PBXFileReference; lastKnownFileType = sourcecode.swift; path = Scene.swift; sourceTree = "<group>"; };
		84F32DBA23E896AE00F82F48 /* Data.swift */ = {isa = PBXFileReference; lastKnownFileType = sourcecode.swift; path = Data.swift; sourceTree = "<group>"; };
		84F32DBD23E896D000F82F48 /* sampleData.json */ = {isa = PBXFileReference; fileEncoding = 4; lastKnownFileType = text.json; path = sampleData.json; sourceTree = "<group>"; };
		84F32DBF23E8973900F82F48 /* SceneDetail.swift */ = {isa = PBXFileReference; lastKnownFileType = sourcecode.swift; path = SceneDetail.swift; sourceTree = "<group>"; };
		84F32DC223E897DF00F82F48 /* SceneRow.swift */ = {isa = PBXFileReference; lastKnownFileType = sourcecode.swift; path = SceneRow.swift; sourceTree = "<group>"; };
		84F32DC423E8992400F82F48 /* SceneList.swift */ = {isa = PBXFileReference; lastKnownFileType = sourcecode.swift; path = SceneList.swift; sourceTree = "<group>"; };
		84F32DC623E8995600F82F48 /* UserData.swift */ = {isa = PBXFileReference; lastKnownFileType = sourcecode.swift; path = UserData.swift; sourceTree = "<group>"; };
/* End PBXFileReference section */

/* Begin PBXFrameworksBuildPhase section */
		84F32D9723E87B2C00F82F48 /* Frameworks */ = {
			isa = PBXFrameworksBuildPhase;
			buildActionMask = 2147483647;
			files = (
			);
			runOnlyForDeploymentPostprocessing = 0;
		};
/* End PBXFrameworksBuildPhase section */

/* Begin PBXGroup section */
		84F32D9123E87B2C00F82F48 = {
			isa = PBXGroup;
			children = (
				84F32D9C23E87B2C00F82F48 /* 01-SwiftUI Essentials */,
				84F32D9B23E87B2C00F82F48 /* Products */,
			);
			sourceTree = "<group>";
		};
		84F32D9B23E87B2C00F82F48 /* Products */ = {
			isa = PBXGroup;
			children = (
				84F32D9A23E87B2C00F82F48 /* 01-SwiftUI Essentials.app */,
			);
			name = Products;
			sourceTree = "<group>";
		};
		84F32D9C23E87B2C00F82F48 /* 01-SwiftUI Essentials */ = {
			isa = PBXGroup;
			children = (
				84F32DC123E897D400F82F48 /* Views */,
				84F32DBC23E896C600F82F48 /* Resources */,
				84F32DB523E895E200F82F48 /* Models */,
				84F32D9D23E87B2C00F82F48 /* AppDelegate.swift */,
				84F32D9F23E87B2C00F82F48 /* SceneDelegate.swift */,
				84F32DA123E87B2C00F82F48 /* ContentView.swift */,
				84F32DA323E87B2F00F82F48 /* Assets.xcassets */,
				84F32DA823E87B2F00F82F48 /* LaunchScreen.storyboard */,
				84F32DAB23E87B2F00F82F48 /* Info.plist */,
				84F32DB123E8865400F82F48 /* CircleImage.swift */,
				84F32DB323E8879900F82F48 /* MapView.swift */,
				84F32DA523E87B2F00F82F48 /* Preview Content */,
			);
			path = "01-SwiftUI Essentials";
			sourceTree = "<group>";
		};
		84F32DA523E87B2F00F82F48 /* Preview Content */ = {
			isa = PBXGroup;
			children = (
				84F32DA623E87B2F00F82F48 /* Preview Assets.xcassets */,
			);
			path = "Preview Content";
			sourceTree = "<group>";
		};
		84F32DB523E895E200F82F48 /* Models */ = {
			isa = PBXGroup;
			children = (
				84F32DB623E895F800F82F48 /* Scene.swift */,
				84F32DBA23E896AE00F82F48 /* Data.swift */,
				84F32DC623E8995600F82F48 /* UserData.swift */,
			);
			path = Models;
			sourceTree = "<group>";
		};
		84F32DBC23E896C600F82F48 /* Resources */ = {
			isa = PBXGroup;
			children = (
				84F32DBD23E896D000F82F48 /* sampleData.json */,
				8478BA4223E89E23003A72DD /* changcheng.jpg */,
				8478BA4023E89E23003A72DD /* yuanmingyuan.jpg */,
				8478BA4123E89E23003A72DD /* yuyuantangongyuan.jpg */,
			);
			path = Resources;
			sourceTree = "<group>";
		};
		84F32DC123E897D400F82F48 /* Views */ = {
			isa = PBXGroup;
			children = (
				84F32DBF23E8973900F82F48 /* SceneDetail.swift */,
				84F32DC223E897DF00F82F48 /* SceneRow.swift */,
				84F32DC423E8992400F82F48 /* SceneList.swift */,
			);
			path = Views;
			sourceTree = "<group>";
		};
/* End PBXGroup section */

/* Begin PBXNativeTarget section */
		84F32D9923E87B2C00F82F48 /* 01-SwiftUI Essentials */ = {
			isa = PBXNativeTarget;
			buildConfigurationList = 84F32DAE23E87B2F00F82F48 /* Build configuration list for PBXNativeTarget "01-SwiftUI Essentials" */;
			buildPhases = (
				84F32D9623E87B2C00F82F48 /* Sources */,
				84F32D9723E87B2C00F82F48 /* Frameworks */,
				84F32D9823E87B2C00F82F48 /* Resources */,
			);
			buildRules = (
			);
			dependencies = (
			);
			name = "01-SwiftUI Essentials";
			productName = "01-SwiftUI Essentials";
			productReference = 84F32D9A23E87B2C00F82F48 /* 01-SwiftUI Essentials.app */;
			productType = "com.apple.product-type.application";
		};
/* End PBXNativeTarget section */

/* Begin PBXProject section */
		84F32D9223E87B2C00F82F48 /* Project object */ = {
			isa = PBXProject;
			attributes = {
				LastSwiftUpdateCheck = 1130;
				LastUpgradeCheck = 1130;
				ORGANIZATIONNAME = kingcos;
				TargetAttributes = {
					84F32D9923E87B2C00F82F48 = {
						CreatedOnToolsVersion = 11.3.1;
					};
				};
			};
			buildConfigurationList = 84F32D9523E87B2C00F82F48 /* Build configuration list for PBXProject "01-SwiftUI Essentials" */;
			compatibilityVersion = "Xcode 9.3";
			developmentRegion = en;
			hasScannedForEncodings = 0;
			knownRegions = (
				en,
				Base,
			);
			mainGroup = 84F32D9123E87B2C00F82F48;
			productRefGroup = 84F32D9B23E87B2C00F82F48 /* Products */;
			projectDirPath = "";
			projectRoot = "";
			targets = (
				84F32D9923E87B2C00F82F48 /* 01-SwiftUI Essentials */,
			);
		};
/* End PBXProject section */

/* Begin PBXResourcesBuildPhase section */
		84F32D9823E87B2C00F82F48 /* Resources */ = {
			isa = PBXResourcesBuildPhase;
			buildActionMask = 2147483647;
			files = (
				84F32DAA23E87B2F00F82F48 /* LaunchScreen.storyboard in Resources */,
				8478BA4323E89E23003A72DD /* yuanmingyuan.jpg in Resources */,
				84F32DA723E87B2F00F82F48 /* Preview Assets.xcassets in Resources */,
				8478BA4523E89E23003A72DD /* changcheng.jpg in Resources */,
				84F32DA423E87B2F00F82F48 /* Assets.xcassets in Resources */,
				8478BA4423E89E23003A72DD /* yuyuantangongyuan.jpg in Resources */,
				84F32DBE23E896D000F82F48 /* sampleData.json in Resources */,
			);
			runOnlyForDeploymentPostprocessing = 0;
		};
/* End PBXResourcesBuildPhase section */

/* Begin PBXSourcesBuildPhase section */
		84F32D9623E87B2C00F82F48 /* Sources */ = {
			isa = PBXSourcesBuildPhase;
			buildActionMask = 2147483647;
			files = (
				84F32DBB23E896AE00F82F48 /* Data.swift in Sources */,
				84F32D9E23E87B2C00F82F48 /* AppDelegate.swift in Sources */,
				84F32DB223E8865400F82F48 /* CircleImage.swift in Sources */,
				84F32DB423E8879900F82F48 /* MapView.swift in Sources */,
				84F32DC523E8992400F82F48 /* SceneList.swift in Sources */,
				84F32DC723E8995600F82F48 /* UserData.swift in Sources */,
				84F32DA023E87B2C00F82F48 /* SceneDelegate.swift in Sources */,
				84F32DC323E897DF00F82F48 /* SceneRow.swift in Sources */,
				84F32DC023E8973900F82F48 /* SceneDetail.swift in Sources */,
				84F32DA223E87B2C00F82F48 /* ContentView.swift in Sources */,
				84F32DB723E895F800F82F48 /* Scene.swift in Sources */,
			);
			runOnlyForDeploymentPostprocessing = 0;
		};
/* End PBXSourcesBuildPhase section */

/* Begin PBXVariantGroup section */
		84F32DA823E87B2F00F82F48 /* LaunchScreen.storyboard */ = {
			isa = PBXVariantGroup;
			children = (
				84F32DA923E87B2F00F82F48 /* Base */,
			);
			name = LaunchScreen.storyboard;
			sourceTree = "<group>";
		};
/* End PBXVariantGroup section */

/* Begin XCBuildConfiguration section */
		84F32DAC23E87B2F00F82F48 /* Debug */ = {
			isa = XCBuildConfiguration;
			buildSettings = {
				ALWAYS_SEARCH_USER_PATHS = NO;
				CLANG_ANALYZER_NONNULL = YES;
				CLANG_ANALYZER_NUMBER_OBJECT_CONVERSION = YES_AGGRESSIVE;
				CLANG_CXX_LANGUAGE_STANDARD = "gnu++14";
				CLANG_CXX_LIBRARY = "libc++";
				CLANG_ENABLE_MODULES = YES;
				CLANG_ENABLE_OBJC_ARC = YES;
				CLANG_ENABLE_OBJC_WEAK = YES;
				CLANG_WARN_BLOCK_CAPTURE_AUTORELEASING = YES;
				CLANG_WARN_BOOL_CONVERSION = YES;
				CLANG_WARN_COMMA = YES;
				CLANG_WARN_CONSTANT_CONVERSION = YES;
				CLANG_WARN_DEPRECATED_OBJC_IMPLEMENTATIONS = YES;
				CLANG_WARN_DIRECT_OBJC_ISA_USAGE = YES_ERROR;
				CLANG_WARN_DOCUMENTATION_COMMENTS = YES;
				CLANG_WARN_EMPTY_BODY = YES;
				CLANG_WARN_ENUM_CONVERSION = YES;
				CLANG_WARN_INFINITE_RECURSION = YES;
				CLANG_WARN_INT_CONVERSION = YES;
				CLANG_WARN_NON_LITERAL_NULL_CONVERSION = YES;
				CLANG_WARN_OBJC_IMPLICIT_RETAIN_SELF = YES;
				CLANG_WARN_OBJC_LITERAL_CONVERSION = YES;
				CLANG_WARN_OBJC_ROOT_CLASS = YES_ERROR;
				CLANG_WARN_RANGE_LOOP_ANALYSIS = YES;
				CLANG_WARN_STRICT_PROTOTYPES = YES;
				CLANG_WARN_SUSPICIOUS_MOVE = YES;
				CLANG_WARN_UNGUARDED_AVAILABILITY = YES_AGGRESSIVE;
				CLANG_WARN_UNREACHABLE_CODE = YES;
				CLANG_WARN__DUPLICATE_METHOD_MATCH = YES;
				COPY_PHASE_STRIP = NO;
				DEBUG_INFORMATION_FORMAT = dwarf;
				ENABLE_STRICT_OBJC_MSGSEND = YES;
				ENABLE_TESTABILITY = YES;
				GCC_C_LANGUAGE_STANDARD = gnu11;
				GCC_DYNAMIC_NO_PIC = NO;
				GCC_NO_COMMON_BLOCKS = YES;
				GCC_OPTIMIZATION_LEVEL = 0;
				GCC_PREPROCESSOR_DEFINITIONS = (
					"DEBUG=1",
					"$(inherited)",
				);
				GCC_WARN_64_TO_32_BIT_CONVERSION = YES;
				GCC_WARN_ABOUT_RETURN_TYPE = YES_ERROR;
				GCC_WARN_UNDECLARED_SELECTOR = YES;
				GCC_WARN_UNINITIALIZED_AUTOS = YES_AGGRESSIVE;
				GCC_WARN_UNUSED_FUNCTION = YES;
				GCC_WARN_UNUSED_VARIABLE = YES;
				IPHONEOS_DEPLOYMENT_TARGET = 13.2;
				MTL_ENABLE_DEBUG_INFO = INCLUDE_SOURCE;
				MTL_FAST_MATH = YES;
				ONLY_ACTIVE_ARCH = YES;
				SDKROOT = iphoneos;
				SWIFT_ACTIVE_COMPILATION_CONDITIONS = DEBUG;
				SWIFT_OPTIMIZATION_LEVEL = "-Onone";
			};
			name = Debug;
		};
		84F32DAD23E87B2F00F82F48 /* Release */ = {
			isa = XCBuildConfiguration;
			buildSettings = {
				ALWAYS_SEARCH_USER_PATHS = NO;
				CLANG_ANALYZER_NONNULL = YES;
				CLANG_ANALYZER_NUMBER_OBJECT_CONVERSION = YES_AGGRESSIVE;
				CLANG_CXX_LANGUAGE_STANDARD = "gnu++14";
				CLANG_CXX_LIBRARY = "libc++";
				CLANG_ENABLE_MODULES = YES;
				CLANG_ENABLE_OBJC_ARC = YES;
				CLANG_ENABLE_OBJC_WEAK = YES;
				CLANG_WARN_BLOCK_CAPTURE_AUTORELEASING = YES;
				CLANG_WARN_BOOL_CONVERSION = YES;
				CLANG_WARN_COMMA = YES;
				CLANG_WARN_CONSTANT_CONVERSION = YES;
				CLANG_WARN_DEPRECATED_OBJC_IMPLEMENTATIONS = YES;
				CLANG_WARN_DIRECT_OBJC_ISA_USAGE = YES_ERROR;
				CLANG_WARN_DOCUMENTATION_COMMENTS = YES;
				CLANG_WARN_EMPTY_BODY = YES;
				CLANG_WARN_ENUM_CONVERSION = YES;
				CLANG_WARN_INFINITE_RECURSION = YES;
				CLANG_WARN_INT_CONVERSION = YES;
				CLANG_WARN_NON_LITERAL_NULL_CONVERSION = YES;
				CLANG_WARN_OBJC_IMPLICIT_RETAIN_SELF = YES;
				CLANG_WARN_OBJC_LITERAL_CONVERSION = YES;
				CLANG_WARN_OBJC_ROOT_CLASS = YES_ERROR;
				CLANG_WARN_RANGE_LOOP_ANALYSIS = YES;
				CLANG_WARN_STRICT_PROTOTYPES = YES;
				CLANG_WARN_SUSPICIOUS_MOVE = YES;
				CLANG_WARN_UNGUARDED_AVAILABILITY = YES_AGGRESSIVE;
				CLANG_WARN_UNREACHABLE_CODE = YES;
				CLANG_WARN__DUPLICATE_METHOD_MATCH = YES;
				COPY_PHASE_STRIP = NO;
				DEBUG_INFORMATION_FORMAT = "dwarf-with-dsym";
				ENABLE_NS_ASSERTIONS = NO;
				ENABLE_STRICT_OBJC_MSGSEND = YES;
				GCC_C_LANGUAGE_STANDARD = gnu11;
				GCC_NO_COMMON_BLOCKS = YES;
				GCC_WARN_64_TO_32_BIT_CONVERSION = YES;
				GCC_WARN_ABOUT_RETURN_TYPE = YES_ERROR;
				GCC_WARN_UNDECLARED_SELECTOR = YES;
				GCC_WARN_UNINITIALIZED_AUTOS = YES_AGGRESSIVE;
				GCC_WARN_UNUSED_FUNCTION = YES;
				GCC_WARN_UNUSED_VARIABLE = YES;
				IPHONEOS_DEPLOYMENT_TARGET = 13.2;
				MTL_ENABLE_DEBUG_INFO = NO;
				MTL_FAST_MATH = YES;
				SDKROOT = iphoneos;
				SWIFT_COMPILATION_MODE = wholemodule;
				SWIFT_OPTIMIZATION_LEVEL = "-O";
				VALIDATE_PRODUCT = YES;
			};
			name = Release;
		};
		84F32DAF23E87B2F00F82F48 /* Debug */ = {
			isa = XCBuildConfiguration;
			buildSettings = {
				ASSETCATALOG_COMPILER_APPICON_NAME = AppIcon;
				CODE_SIGN_STYLE = Automatic;
				DEVELOPMENT_ASSET_PATHS = "\"01-SwiftUI Essentials/Preview Content\"";
				DEVELOPMENT_TEAM = LEG7CXMPKJ;
				ENABLE_PREVIEWS = YES;
				INFOPLIST_FILE = "01-SwiftUI Essentials/Info.plist";
				LD_RUNPATH_SEARCH_PATHS = (
					"$(inherited)",
					"@executable_path/Frameworks",
				);
				PRODUCT_BUNDLE_IDENTIFIER = "me.kingcos.-1-SwiftUI-Essentials";
				PRODUCT_NAME = "$(TARGET_NAME)";
				SWIFT_VERSION = 5.0;
				TARGETED_DEVICE_FAMILY = "1,2";
			};
			name = Debug;
		};
		84F32DB023E87B2F00F82F48 /* Release */ = {
			isa = XCBuildConfiguration;
			buildSettings = {
				ASSETCATALOG_COMPILER_APPICON_NAME = AppIcon;
				CODE_SIGN_STYLE = Automatic;
				DEVELOPMENT_ASSET_PATHS = "\"01-SwiftUI Essentials/Preview Content\"";
				DEVELOPMENT_TEAM = LEG7CXMPKJ;
				ENABLE_PREVIEWS = YES;
				INFOPLIST_FILE = "01-SwiftUI Essentials/Info.plist";
				LD_RUNPATH_SEARCH_PATHS = (
					"$(inherited)",
					"@executable_path/Frameworks",
				);
				PRODUCT_BUNDLE_IDENTIFIER = "me.kingcos.-1-SwiftUI-Essentials";
				PRODUCT_NAME = "$(TARGET_NAME)";
				SWIFT_VERSION = 5.0;
				TARGETED_DEVICE_FAMILY = "1,2";
			};
			name = Release;
		};
/* End XCBuildConfiguration section */

/* Begin XCConfigurationList section */
		84F32D9523E87B2C00F82F48 /* Build configuration list for PBXProject "01-SwiftUI Essentials" */ = {
			isa = XCConfigurationList;
			buildConfigurations = (
				84F32DAC23E87B2F00F82F48 /* Debug */,
				84F32DAD23E87B2F00F82F48 /* Release */,
			);
			defaultConfigurationIsVisible = 0;
			defaultConfigurationName = Release;
		};
		84F32DAE23E87B2F00F82F48 /* Build configuration list for PBXNativeTarget "01-SwiftUI Essentials" */ = {
			isa = XCConfigurationList;
			buildConfigurations = (
				84F32DAF23E87B2F00F82F48 /* Debug */,
				84F32DB023E87B2F00F82F48 /* Release */,
			);
			defaultConfigurationIsVisible = 0;
			defaultConfigurationName = Release;
		};
/* End XCConfigurationList section */
	};
	rootObject = 84F32D9223E87B2C00F82F48 /* Project object */;
}
