// !$*UTF8*$!
{
	archiveVersion = 1;
	classes = {
	};
	objectVersion = 50;
	objects = {

/* Begin PBXBuildFile section */
		3117DDC023CDE85D00CA5A1B /* CalculatorModel.swift in Sources */ = {isa = PBXBuildFile; fileRef = 3117DDBF23CDE85D00CA5A1B /* CalculatorModel.swift */; };
		3117DDC223CF164400CA5A1B /* HistoryView.swift in Sources */ = {isa = PBXBuildFile; fileRef = 3117DDC123CF164400CA5A1B /* HistoryView.swift */; };
		315FEB5A23B9AAB5003EF145 /* AppDelegate.swift in Sources */ = {isa = PBXBuildFile; fileRef = 315FEB5923B9AAB5003EF145 /* AppDelegate.swift */; };
		315FEB5C23B9AAB5003EF145 /* SceneDelegate.swift in Sources */ = {isa = PBXBuildFile; fileRef = 315FEB5B23B9AAB5003EF145 /* SceneDelegate.swift */; };
		315FEB5E23B9AAB5003EF145 /* ContentView.swift in Sources */ = {isa = PBXBuildFile; fileRef = 315FEB5D23B9AAB5003EF145 /* ContentView.swift */; };
		315FEB6023B9AAB6003EF145 /* Assets.xcassets in Resources */ = {isa = PBXBuildFile; fileRef = 315FEB5F23B9AAB6003EF145 /* Assets.xcassets */; };
		315FEB6323B9AAB6003EF145 /* Preview Assets.xcassets in Resources */ = {isa = PBXBuildFile; fileRef = 315FEB6223B9AAB6003EF145 /* Preview Assets.xcassets */; };
		315FEB6623B9AAB6003EF145 /* LaunchScreen.storyboard in Resources */ = {isa = PBXBuildFile; fileRef = 315FEB6423B9AAB6003EF145 /* LaunchScreen.storyboard */; };
		315FEB6E23BA12EF003EF145 /* CalculatorButtonItem.swift in Sources */ = {isa = PBXBuildFile; fileRef = 315FEB6D23BA12EF003EF145 /* CalculatorButtonItem.swift */; };
		315FEB7323BF5C38003EF145 /* CalculatorBrain.swift in Sources */ = {isa = PBXBuildFile; fileRef = 315FEB7223BF5C38003EF145 /* CalculatorBrain.swift */; };
		315FEB7D23BF75EF003EF145 /* ConverterDemo.swift in Sources */ = {isa = PBXBuildFile; fileRef = 315FEB7C23BF75EF003EF145 /* ConverterDemo.swift */; };
/* End PBXBuildFile section */

/* Begin PBXFileReference section */
		3117DDBF23CDE85D00CA5A1B /* CalculatorModel.swift */ = {isa = PBXFileReference; lastKnownFileType = sourcecode.swift; path = CalculatorModel.swift; sourceTree = "<group>"; };
		3117DDC123CF164400CA5A1B /* HistoryView.swift */ = {isa = PBXFileReference; lastKnownFileType = sourcecode.swift; path = HistoryView.swift; sourceTree = "<group>"; };
		315FEB5623B9AAB5003EF145 /* objccn-swiftui.app */ = {isa = PBXFileReference; explicitFileType = wrapper.application; includeInIndex = 0; path = "objccn-swiftui.app"; sourceTree = BUILT_PRODUCTS_DIR; };
		315FEB5923B9AAB5003EF145 /* AppDelegate.swift */ = {isa = PBXFileReference; lastKnownFileType = sourcecode.swift; path = AppDelegate.swift; sourceTree = "<group>"; };
		315FEB5B23B9AAB5003EF145 /* SceneDelegate.swift */ = {isa = PBXFileReference; lastKnownFileType = sourcecode.swift; path = SceneDelegate.swift; sourceTree = "<group>"; };
		315FEB5D23B9AAB5003EF145 /* ContentView.swift */ = {isa = PBXFileReference; lastKnownFileType = sourcecode.swift; path = ContentView.swift; sourceTree = "<group>"; };
		315FEB5F23B9AAB6003EF145 /* Assets.xcassets */ = {isa = PBXFileReference; lastKnownFileType = folder.assetcatalog; path = Assets.xcassets; sourceTree = "<group>"; };
		315FEB6223B9AAB6003EF145 /* Preview Assets.xcassets */ = {isa = PBXFileReference; lastKnownFileType = folder.assetcatalog; path = "Preview Assets.xcassets"; sourceTree = "<group>"; };
		315FEB6523B9AAB6003EF145 /* Base */ = {isa = PBXFileReference; lastKnownFileType = file.storyboard; name = Base; path = Base.lproj/LaunchScreen.storyboard; sourceTree = "<group>"; };
		315FEB6723B9AAB6003EF145 /* Info.plist */ = {isa = PBXFileReference; lastKnownFileType = text.plist.xml; path = Info.plist; sourceTree = "<group>"; };
		315FEB6D23BA12EF003EF145 /* CalculatorButtonItem.swift */ = {isa = PBXFileReference; lastKnownFileType = sourcecode.swift; path = CalculatorButtonItem.swift; sourceTree = "<group>"; };
		315FEB7223BF5C38003EF145 /* CalculatorBrain.swift */ = {isa = PBXFileReference; lastKnownFileType = sourcecode.swift; path = CalculatorBrain.swift; sourceTree = "<group>"; };
		315FEB7B23BF74D5003EF145 /* README.md */ = {isa = PBXFileReference; lastKnownFileType = net.daringfireball.markdown; path = README.md; sourceTree = "<group>"; };
		315FEB7C23BF75EF003EF145 /* ConverterDemo.swift */ = {isa = PBXFileReference; lastKnownFileType = sourcecode.swift; path = ConverterDemo.swift; sourceTree = "<group>"; };
/* End PBXFileReference section */

/* Begin PBXFrameworksBuildPhase section */
		315FEB5323B9AAB5003EF145 /* Frameworks */ = {
			isa = PBXFrameworksBuildPhase;
			buildActionMask = 2147483647;
			files = (
			);
			runOnlyForDeploymentPostprocessing = 0;
		};
/* End PBXFrameworksBuildPhase section */

/* Begin PBXGroup section */
		315FEB4D23B9AAB5003EF145 = {
			isa = PBXGroup;
			children = (
				315FEB7B23BF74D5003EF145 /* README.md */,
				315FEB5823B9AAB5003EF145 /* objccn-swiftui */,
				315FEB5723B9AAB5003EF145 /* Products */,
			);
			sourceTree = "<group>";
		};
		315FEB5723B9AAB5003EF145 /* Products */ = {
			isa = PBXGroup;
			children = (
				315FEB5623B9AAB5003EF145 /* objccn-swiftui.app */,
			);
			name = Products;
			sourceTree = "<group>";
		};
		315FEB5823B9AAB5003EF145 /* objccn-swiftui */ = {
			isa = PBXGroup;
			children = (
				315FEB5923B9AAB5003EF145 /* AppDelegate.swift */,
				315FEB5D23B9AAB5003EF145 /* ContentView.swift */,
				315FEB5F23B9AAB6003EF145 /* Assets.xcassets */,
				315FEB6423B9AAB6003EF145 /* LaunchScreen.storyboard */,
				315FEB6723B9AAB6003EF145 /* Info.plist */,
				315FEB5B23B9AAB5003EF145 /* SceneDelegate.swift */,
				315FEB6123B9AAB6003EF145 /* Preview Content */,
				315FEB6D23BA12EF003EF145 /* CalculatorButtonItem.swift */,
				315FEB7223BF5C38003EF145 /* CalculatorBrain.swift */,
				315FEB7C23BF75EF003EF145 /* ConverterDemo.swift */,
				3117DDBF23CDE85D00CA5A1B /* CalculatorModel.swift */,
				3117DDC123CF164400CA5A1B /* HistoryView.swift */,
			);
			path = "objccn-swiftui";
			sourceTree = "<group>";
		};
		315FEB6123B9AAB6003EF145 /* Preview Content */ = {
			isa = PBXGroup;
			children = (
				315FEB6223B9AAB6003EF145 /* Preview Assets.xcassets */,
			);
			path = "Preview Content";
			sourceTree = "<group>";
		};
/* End PBXGroup section */

/* Begin PBXNativeTarget section */
		315FEB5523B9AAB5003EF145 /* objccn-swiftui */ = {
			isa = PBXNativeTarget;
			buildConfigurationList = 315FEB6A23B9AAB6003EF145 /* Build configuration list for PBXNativeTarget "objccn-swiftui" */;
			buildPhases = (
				315FEB5223B9AAB5003EF145 /* Sources */,
				315FEB5323B9AAB5003EF145 /* Frameworks */,
				315FEB5423B9AAB5003EF145 /* Resources */,
			);
			buildRules = (
			);
			dependencies = (
			);
			name = "objccn-swiftui";
			productName = "objccn-swiftui";
			productReference = 315FEB5623B9AAB5003EF145 /* objccn-swiftui.app */;
			productType = "com.apple.product-type.application";
		};
/* End PBXNativeTarget section */

/* Begin PBXProject section */
		315FEB4E23B9AAB5003EF145 /* Project object */ = {
			isa = PBXProject;
			attributes = {
				LastSwiftUpdateCheck = 1100;
				LastUpgradeCheck = 1100;
				ORGANIZATIONNAME = kingcos;
				TargetAttributes = {
					315FEB5523B9AAB5003EF145 = {
						CreatedOnToolsVersion = 11.0;
					};
				};
			};
			buildConfigurationList = 315FEB5123B9AAB5003EF145 /* Build configuration list for PBXProject "objccn-swiftui" */;
			compatibilityVersion = "Xcode 9.3";
			developmentRegion = en;
			hasScannedForEncodings = 0;
			knownRegions = (
				en,
				Base,
			);
			mainGroup = 315FEB4D23B9AAB5003EF145;
			productRefGroup = 315FEB5723B9AAB5003EF145 /* Products */;
			projectDirPath = "";
			projectRoot = "";
			targets = (
				315FEB5523B9AAB5003EF145 /* objccn-swiftui */,
			);
		};
/* End PBXProject section */

/* Begin PBXResourcesBuildPhase section */
		315FEB5423B9AAB5003EF145 /* Resources */ = {
			isa = PBXResourcesBuildPhase;
			buildActionMask = 2147483647;
			files = (
				315FEB6623B9AAB6003EF145 /* LaunchScreen.storyboard in Resources */,
				315FEB6323B9AAB6003EF145 /* Preview Assets.xcassets in Resources */,
				315FEB6023B9AAB6003EF145 /* Assets.xcassets in Resources */,
			);
			runOnlyForDeploymentPostprocessing = 0;
		};
/* End PBXResourcesBuildPhase section */

/* Begin PBXSourcesBuildPhase section */
		315FEB5223B9AAB5003EF145 /* Sources */ = {
			isa = PBXSourcesBuildPhase;
			buildActionMask = 2147483647;
			files = (
				315FEB5A23B9AAB5003EF145 /* AppDelegate.swift in Sources */,
				3117DDC223CF164400CA5A1B /* HistoryView.swift in Sources */,
				315FEB5C23B9AAB5003EF145 /* SceneDelegate.swift in Sources */,
				315FEB6E23BA12EF003EF145 /* CalculatorButtonItem.swift in Sources */,
				315FEB7D23BF75EF003EF145 /* ConverterDemo.swift in Sources */,
				315FEB7323BF5C38003EF145 /* CalculatorBrain.swift in Sources */,
				315FEB5E23B9AAB5003EF145 /* ContentView.swift in Sources */,
				3117DDC023CDE85D00CA5A1B /* CalculatorModel.swift in Sources */,
			);
			runOnlyForDeploymentPostprocessing = 0;
		};
/* End PBXSourcesBuildPhase section */

/* Begin PBXVariantGroup section */
		315FEB6423B9AAB6003EF145 /* LaunchScreen.storyboard */ = {
			isa = PBXVariantGroup;
			children = (
				315FEB6523B9AAB6003EF145 /* Base */,
			);
			name = LaunchScreen.storyboard;
			sourceTree = "<group>";
		};
/* End PBXVariantGroup section */

/* Begin XCBuildConfiguration section */
		315FEB6823B9AAB6003EF145 /* Debug */ = {
			isa = XCBuildConfiguration;
			buildSettings = {
				ALWAYS_SEARCH_USER_PATHS = NO;
				CLANG_ANALYZER_NONNULL = YES;
				CLANG_ANALYZER_NUMBER_OBJECT_CONVERSION = YES_AGGRESSIVE;
				CLANG_CXX_LANGUAGE_STANDARD = "gnu++14";
				CLANG_CXX_LIBRARY = "libc++";
				CLANG_ENABLE_MODULES = YES;
				CLANG_ENABLE_OBJC_ARC = YES;
				CLANG_ENABLE_OBJC_WEAK = YES;
				CLANG_WARN_BLOCK_CAPTURE_AUTORELEASING = YES;
				CLANG_WARN_BOOL_CONVERSION = YES;
				CLANG_WARN_COMMA = YES;
				CLANG_WARN_CONSTANT_CONVERSION = YES;
				CLANG_WARN_DEPRECATED_OBJC_IMPLEMENTATIONS = YES;
				CLANG_WARN_DIRECT_OBJC_ISA_USAGE = YES_ERROR;
				CLANG_WARN_DOCUMENTATION_COMMENTS = YES;
				CLANG_WARN_EMPTY_BODY = YES;
				CLANG_WARN_ENUM_CONVERSION = YES;
				CLANG_WARN_INFINITE_RECURSION = YES;
				CLANG_WARN_INT_CONVERSION = YES;
				CLANG_WARN_NON_LITERAL_NULL_CONVERSION = YES;
				CLANG_WARN_OBJC_IMPLICIT_RETAIN_SELF = YES;
				CLANG_WARN_OBJC_LITERAL_CONVERSION = YES;
				CLANG_WARN_OBJC_ROOT_CLASS = YES_ERROR;
				CLANG_WARN_RANGE_LOOP_ANALYSIS = YES;
				CLANG_WARN_STRICT_PROTOTYPES = YES;
				CLANG_WARN_SUSPICIOUS_MOVE = YES;
				CLANG_WARN_UNGUARDED_AVAILABILITY = YES_AGGRESSIVE;
				CLANG_WARN_UNREACHABLE_CODE = YES;
				CLANG_WARN__DUPLICATE_METHOD_MATCH = YES;
				COPY_PHASE_STRIP = NO;
				DEBUG_INFORMATION_FORMAT = dwarf;
				ENABLE_STRICT_OBJC_MSGSEND = YES;
				ENABLE_TESTABILITY = YES;
				GCC_C_LANGUAGE_STANDARD = gnu11;
				GCC_DYNAMIC_NO_PIC = NO;
				GCC_NO_COMMON_BLOCKS = YES;
				GCC_OPTIMIZATION_LEVEL = 0;
				GCC_PREPROCESSOR_DEFINITIONS = (
					"DEBUG=1",
					"$(inherited)",
				);
				GCC_WARN_64_TO_32_BIT_CONVERSION = YES;
				GCC_WARN_ABOUT_RETURN_TYPE = YES_ERROR;
				GCC_WARN_UNDECLARED_SELECTOR = YES;
				GCC_WARN_UNINITIALIZED_AUTOS = YES_AGGRESSIVE;
				GCC_WARN_UNUSED_FUNCTION = YES;
				GCC_WARN_UNUSED_VARIABLE = YES;
				IPHONEOS_DEPLOYMENT_TARGET = 13.0;
				MTL_ENABLE_DEBUG_INFO = INCLUDE_SOURCE;
				MTL_FAST_MATH = YES;
				ONLY_ACTIVE_ARCH = YES;
				SDKROOT = iphoneos;
				SWIFT_ACTIVE_COMPILATION_CONDITIONS = DEBUG;
				SWIFT_OPTIMIZATION_LEVEL = "-Onone";
			};
			name = Debug;
		};
		315FEB6923B9AAB6003EF145 /* Release */ = {
			isa = XCBuildConfiguration;
			buildSettings = {
				ALWAYS_SEARCH_USER_PATHS = NO;
				CLANG_ANALYZER_NONNULL = YES;
				CLANG_ANALYZER_NUMBER_OBJECT_CONVERSION = YES_AGGRESSIVE;
				CLANG_CXX_LANGUAGE_STANDARD = "gnu++14";
				CLANG_CXX_LIBRARY = "libc++";
				CLANG_ENABLE_MODULES = YES;
				CLANG_ENABLE_OBJC_ARC = YES;
				CLANG_ENABLE_OBJC_WEAK = YES;
				CLANG_WARN_BLOCK_CAPTURE_AUTORELEASING = YES;
				CLANG_WARN_BOOL_CONVERSION = YES;
				CLANG_WARN_COMMA = YES;
				CLANG_WARN_CONSTANT_CONVERSION = YES;
				CLANG_WARN_DEPRECATED_OBJC_IMPLEMENTATIONS = YES;
				CLANG_WARN_DIRECT_OBJC_ISA_USAGE = YES_ERROR;
				CLANG_WARN_DOCUMENTATION_COMMENTS = YES;
				CLANG_WARN_EMPTY_BODY = YES;
				CLANG_WARN_ENUM_CONVERSION = YES;
				CLANG_WARN_INFINITE_RECURSION = YES;
				CLANG_WARN_INT_CONVERSION = YES;
				CLANG_WARN_NON_LITERAL_NULL_CONVERSION = YES;
				CLANG_WARN_OBJC_IMPLICIT_RETAIN_SELF = YES;
				CLANG_WARN_OBJC_LITERAL_CONVERSION = YES;
				CLANG_WARN_OBJC_ROOT_CLASS = YES_ERROR;
				CLANG_WARN_RANGE_LOOP_ANALYSIS = YES;
				CLANG_WARN_STRICT_PROTOTYPES = YES;
				CLANG_WARN_SUSPICIOUS_MOVE = YES;
				CLANG_WARN_UNGUARDED_AVAILABILITY = YES_AGGRESSIVE;
				CLANG_WARN_UNREACHABLE_CODE = YES;
				CLANG_WARN__DUPLICATE_METHOD_MATCH = YES;
				COPY_PHASE_STRIP = NO;
				DEBUG_INFORMATION_FORMAT = "dwarf-with-dsym";
				ENABLE_NS_ASSERTIONS = NO;
				ENABLE_STRICT_OBJC_MSGSEND = YES;
				GCC_C_LANGUAGE_STANDARD = gnu11;
				GCC_NO_COMMON_BLOCKS = YES;
				GCC_WARN_64_TO_32_BIT_CONVERSION = YES;
				GCC_WARN_ABOUT_RETURN_TYPE = YES_ERROR;
				GCC_WARN_UNDECLARED_SELECTOR = YES;
				GCC_WARN_UNINITIALIZED_AUTOS = YES_AGGRESSIVE;
				GCC_WARN_UNUSED_FUNCTION = YES;
				GCC_WARN_UNUSED_VARIABLE = YES;
				IPHONEOS_DEPLOYMENT_TARGET = 13.0;
				MTL_ENABLE_DEBUG_INFO = NO;
				MTL_FAST_MATH = YES;
				SDKROOT = iphoneos;
				SWIFT_COMPILATION_MODE = wholemodule;
				SWIFT_OPTIMIZATION_LEVEL = "-O";
				VALIDATE_PRODUCT = YES;
			};
			name = Release;
		};
		315FEB6B23B9AAB6003EF145 /* Debug */ = {
			isa = XCBuildConfiguration;
			buildSettings = {
				ASSETCATALOG_COMPILER_APPICON_NAME = AppIcon;
				CODE_SIGN_STYLE = Automatic;
				DEVELOPMENT_ASSET_PATHS = "\"objccn-swiftui/Preview Content\"";
				DEVELOPMENT_TEAM = HUL9KAA653;
				ENABLE_PREVIEWS = YES;
				INFOPLIST_FILE = "objccn-swiftui/Info.plist";
				LD_RUNPATH_SEARCH_PATHS = (
					"$(inherited)",
					"@executable_path/Frameworks",
				);
				PRODUCT_BUNDLE_IDENTIFIER = "me.kingcos.objccn-swiftui";
				PRODUCT_NAME = "$(TARGET_NAME)";
				SWIFT_VERSION = 5.0;
				TARGETED_DEVICE_FAMILY = "1,2";
			};
			name = Debug;
		};
		315FEB6C23B9AAB6003EF145 /* Release */ = {
			isa = XCBuildConfiguration;
			buildSettings = {
				ASSETCATALOG_COMPILER_APPICON_NAME = AppIcon;
				CODE_SIGN_STYLE = Automatic;
				DEVELOPMENT_ASSET_PATHS = "\"objccn-swiftui/Preview Content\"";
				DEVELOPMENT_TEAM = HUL9KAA653;
				ENABLE_PREVIEWS = YES;
				INFOPLIST_FILE = "objccn-swiftui/Info.plist";
				LD_RUNPATH_SEARCH_PATHS = (
					"$(inherited)",
					"@executable_path/Frameworks",
				);
				PRODUCT_BUNDLE_IDENTIFIER = "me.kingcos.objccn-swiftui";
				PRODUCT_NAME = "$(TARGET_NAME)";
				SWIFT_VERSION = 5.0;
				TARGETED_DEVICE_FAMILY = "1,2";
			};
			name = Release;
		};
/* End XCBuildConfiguration section */

/* Begin XCConfigurationList section */
		315FEB5123B9AAB5003EF145 /* Build configuration list for PBXProject "objccn-swiftui" */ = {
			isa = XCConfigurationList;
			buildConfigurations = (
				315FEB6823B9AAB6003EF145 /* Debug */,
				315FEB6923B9AAB6003EF145 /* Release */,
			);
			defaultConfigurationIsVisible = 0;
			defaultConfigurationName = Release;
		};
		315FEB6A23B9AAB6003EF145 /* Build configuration list for PBXNativeTarget "objccn-swiftui" */ = {
			isa = XCConfigurationList;
			buildConfigurations = (
				315FEB6B23B9AAB6003EF145 /* Debug */,
				315FEB6C23B9AAB6003EF145 /* Release */,
			);
			defaultConfigurationIsVisible = 0;
			defaultConfigurationName = Release;
		};
/* End XCConfigurationList section */
	};
	rootObject = 315FEB4E23B9AAB5003EF145 /* Project object */;
}
