// !$*UTF8*$!
{
	archiveVersion = 1;
	classes = {
	};
	objectVersion = 50;
	objects = {

/* Begin PBXBuildFile section */
		8478BA7F23E96278003A72DD /* AppDelegate.swift in Sources */ = {isa = PBXBuildFile; fileRef = 8478BA7E23E96278003A72DD /* AppDelegate.swift */; };
		8478BA8123E96278003A72DD /* SceneDelegate.swift in Sources */ = {isa = PBXBuildFile; fileRef = 8478BA8023E96278003A72DD /* SceneDelegate.swift */; };
		8478BA8323E96278003A72DD /* ContentView.swift in Sources */ = {isa = PBXBuildFile; fileRef = 8478BA8223E96278003A72DD /* ContentView.swift */; };
		8478BA8523E9627A003A72DD /* Assets.xcassets in Resources */ = {isa = PBXBuildFile; fileRef = 8478BA8423E9627A003A72DD /* Assets.xcassets */; };
		8478BA8823E9627A003A72DD /* Preview Assets.xcassets in Resources */ = {isa = PBXBuildFile; fileRef = 8478BA8723E9627A003A72DD /* Preview Assets.xcassets */; };
		8478BA8B23E9627A003A72DD /* LaunchScreen.storyboard in Resources */ = {isa = PBXBuildFile; fileRef = 8478BA8923E9627A003A72DD /* LaunchScreen.storyboard */; };
		84CF271D23EAB6FB00262DA5 /* MapView.swift in Sources */ = {isa = PBXBuildFile; fileRef = 84CF270E23EAB6FB00262DA5 /* MapView.swift */; };
		84CF271E23EAB6FB00262DA5 /* Scene.swift in Sources */ = {isa = PBXBuildFile; fileRef = 84CF271023EAB6FB00262DA5 /* Scene.swift */; };
		84CF271F23EAB6FB00262DA5 /* Data.swift in Sources */ = {isa = PBXBuildFile; fileRef = 84CF271123EAB6FB00262DA5 /* Data.swift */; };
		84CF272023EAB6FB00262DA5 /* UserData.swift in Sources */ = {isa = PBXBuildFile; fileRef = 84CF271223EAB6FB00262DA5 /* UserData.swift */; };
		84CF272123EAB6FB00262DA5 /* SceneRow.swift in Sources */ = {isa = PBXBuildFile; fileRef = 84CF271423EAB6FB00262DA5 /* SceneRow.swift */; };
		84CF272223EAB6FB00262DA5 /* SceneList.swift in Sources */ = {isa = PBXBuildFile; fileRef = 84CF271523EAB6FB00262DA5 /* SceneList.swift */; };
		84CF272323EAB6FB00262DA5 /* SceneDetail.swift in Sources */ = {isa = PBXBuildFile; fileRef = 84CF271623EAB6FB00262DA5 /* SceneDetail.swift */; };
		84CF272423EAB6FB00262DA5 /* yuanmingyuan.jpg in Resources */ = {isa = PBXBuildFile; fileRef = 84CF271823EAB6FB00262DA5 /* yuanmingyuan.jpg */; };
		84CF272523EAB6FB00262DA5 /* changcheng.jpg in Resources */ = {isa = PBXBuildFile; fileRef = 84CF271923EAB6FB00262DA5 /* changcheng.jpg */; };
		84CF272623EAB6FB00262DA5 /* yuyuantangongyuan.jpg in Resources */ = {isa = PBXBuildFile; fileRef = 84CF271A23EAB6FB00262DA5 /* yuyuantangongyuan.jpg */; };
		84CF272723EAB6FB00262DA5 /* sampleData.json in Resources */ = {isa = PBXBuildFile; fileRef = 84CF271B23EAB6FB00262DA5 /* sampleData.json */; };
		84CF272823EAB6FB00262DA5 /* CircleImage.swift in Sources */ = {isa = PBXBuildFile; fileRef = 84CF271C23EAB6FB00262DA5 /* CircleImage.swift */; };
		84CF272A23EAB77000262DA5 /* Home.swift in Sources */ = {isa = PBXBuildFile; fileRef = 84CF272923EAB77000262DA5 /* Home.swift */; };
		84CF272C23EABCE400262DA5 /* CategoryRow.swift in Sources */ = {isa = PBXBuildFile; fileRef = 84CF272B23EABCE400262DA5 /* CategoryRow.swift */; };
		84CF272E23EB11F500262DA5 /* ProfileHost.swift in Sources */ = {isa = PBXBuildFile; fileRef = 84CF272D23EB11F500262DA5 /* ProfileHost.swift */; };
		84CF273023EB18BF00262DA5 /* Profile.swift in Sources */ = {isa = PBXBuildFile; fileRef = 84CF272F23EB18BF00262DA5 /* Profile.swift */; };
		84CF273223EB23A400262DA5 /* ProfileSummary.swift in Sources */ = {isa = PBXBuildFile; fileRef = 84CF273123EB23A400262DA5 /* ProfileSummary.swift */; };
		84CF273423EB23F100262DA5 /* HikeBadge.swift in Sources */ = {isa = PBXBuildFile; fileRef = 84CF273323EB23F100262DA5 /* HikeBadge.swift */; };
		84CF273B23EB243300262DA5 /* BadgeBackground.swift in Sources */ = {isa = PBXBuildFile; fileRef = 84CF273623EB243300262DA5 /* BadgeBackground.swift */; };
		84CF273C23EB243300262DA5 /* HexagonParameters.swift in Sources */ = {isa = PBXBuildFile; fileRef = 84CF273723EB243300262DA5 /* HexagonParameters.swift */; };
		84CF273D23EB243300262DA5 /* Badge.swift in Sources */ = {isa = PBXBuildFile; fileRef = 84CF273823EB243300262DA5 /* Badge.swift */; };
		84CF273E23EB243300262DA5 /* RotatedBadgeSymbol.swift in Sources */ = {isa = PBXBuildFile; fileRef = 84CF273923EB243300262DA5 /* RotatedBadgeSymbol.swift */; };
		84CF273F23EB243300262DA5 /* BadgeSymbol.swift in Sources */ = {isa = PBXBuildFile; fileRef = 84CF273A23EB243300262DA5 /* BadgeSymbol.swift */; };
		84CF274823EB251B00262DA5 /* GraphCapsule.swift in Sources */ = {isa = PBXBuildFile; fileRef = 84CF274123EB251B00262DA5 /* GraphCapsule.swift */; };
		84CF274923EB251B00262DA5 /* HikeGraph.swift in Sources */ = {isa = PBXBuildFile; fileRef = 84CF274223EB251B00262DA5 /* HikeGraph.swift */; };
		84CF274B23EB251B00262DA5 /* HikeDetail.swift in Sources */ = {isa = PBXBuildFile; fileRef = 84CF274423EB251B00262DA5 /* HikeDetail.swift */; };
		84CF274C23EB251B00262DA5 /* hikeData.json in Resources */ = {isa = PBXBuildFile; fileRef = 84CF274523EB251B00262DA5 /* hikeData.json */; };
		84CF274D23EB251B00262DA5 /* Hike.swift in Sources */ = {isa = PBXBuildFile; fileRef = 84CF274623EB251B00262DA5 /* Hike.swift */; };
		84CF274E23EB251B00262DA5 /* HikeView.swift in Sources */ = {isa = PBXBuildFile; fileRef = 84CF274723EB251B00262DA5 /* HikeView.swift */; };
		84CF275023EB261800262DA5 /* ProfileEditor.swift in Sources */ = {isa = PBXBuildFile; fileRef = 84CF274F23EB261800262DA5 /* ProfileEditor.swift */; };
/* End PBXBuildFile section */

/* Begin PBXFileReference section */
		8478BA7B23E96278003A72DD /* 03-App Design and Layout.app */ = {isa = PBXFileReference; explicitFileType = wrapper.application; includeInIndex = 0; path = "03-App Design and Layout.app"; sourceTree = BUILT_PRODUCTS_DIR; };
		8478BA7E23E96278003A72DD /* AppDelegate.swift */ = {isa = PBXFileReference; lastKnownFileType = sourcecode.swift; path = AppDelegate.swift; sourceTree = "<group>"; };
		8478BA8023E96278003A72DD /* SceneDelegate.swift */ = {isa = PBXFileReference; lastKnownFileType = sourcecode.swift; path = SceneDelegate.swift; sourceTree = "<group>"; };
		8478BA8223E96278003A72DD /* ContentView.swift */ = {isa = PBXFileReference; lastKnownFileType = sourcecode.swift; path = ContentView.swift; sourceTree = "<group>"; };
		8478BA8423E9627A003A72DD /* Assets.xcassets */ = {isa = PBXFileReference; lastKnownFileType = folder.assetcatalog; path = Assets.xcassets; sourceTree = "<group>"; };
		8478BA8723E9627A003A72DD /* Preview Assets.xcassets */ = {isa = PBXFileReference; lastKnownFileType = folder.assetcatalog; path = "Preview Assets.xcassets"; sourceTree = "<group>"; };
		8478BA8A23E9627A003A72DD /* Base */ = {isa = PBXFileReference; lastKnownFileType = file.storyboard; name = Base; path = Base.lproj/LaunchScreen.storyboard; sourceTree = "<group>"; };
		8478BA8C23E9627A003A72DD /* Info.plist */ = {isa = PBXFileReference; lastKnownFileType = text.plist.xml; path = Info.plist; sourceTree = "<group>"; };
		84CF270E23EAB6FB00262DA5 /* MapView.swift */ = {isa = PBXFileReference; fileEncoding = 4; lastKnownFileType = sourcecode.swift; path = MapView.swift; sourceTree = "<group>"; };
		84CF271023EAB6FB00262DA5 /* Scene.swift */ = {isa = PBXFileReference; fileEncoding = 4; lastKnownFileType = sourcecode.swift; path = Scene.swift; sourceTree = "<group>"; };
		84CF271123EAB6FB00262DA5 /* Data.swift */ = {isa = PBXFileReference; fileEncoding = 4; lastKnownFileType = sourcecode.swift; path = Data.swift; sourceTree = "<group>"; };
		84CF271223EAB6FB00262DA5 /* UserData.swift */ = {isa = PBXFileReference; fileEncoding = 4; lastKnownFileType = sourcecode.swift; path = UserData.swift; sourceTree = "<group>"; };
		84CF271423EAB6FB00262DA5 /* SceneRow.swift */ = {isa = PBXFileReference; fileEncoding = 4; lastKnownFileType = sourcecode.swift; path = SceneRow.swift; sourceTree = "<group>"; };
		84CF271523EAB6FB00262DA5 /* SceneList.swift */ = {isa = PBXFileReference; fileEncoding = 4; lastKnownFileType = sourcecode.swift; path = SceneList.swift; sourceTree = "<group>"; };
		84CF271623EAB6FB00262DA5 /* SceneDetail.swift */ = {isa = PBXFileReference; fileEncoding = 4; lastKnownFileType = sourcecode.swift; path = SceneDetail.swift; sourceTree = "<group>"; };
		84CF271823EAB6FB00262DA5 /* yuanmingyuan.jpg */ = {isa = PBXFileReference; lastKnownFileType = image.jpeg; path = yuanmingyuan.jpg; sourceTree = "<group>"; };
		84CF271923EAB6FB00262DA5 /* changcheng.jpg */ = {isa = PBXFileReference; lastKnownFileType = image.jpeg; path = changcheng.jpg; sourceTree = "<group>"; };
		84CF271A23EAB6FB00262DA5 /* yuyuantangongyuan.jpg */ = {isa = PBXFileReference; lastKnownFileType = image.jpeg; path = yuyuantangongyuan.jpg; sourceTree = "<group>"; };
		84CF271B23EAB6FB00262DA5 /* sampleData.json */ = {isa = PBXFileReference; fileEncoding = 4; lastKnownFileType = text.json; path = sampleData.json; sourceTree = "<group>"; };
		84CF271C23EAB6FB00262DA5 /* CircleImage.swift */ = {isa = PBXFileReference; fileEncoding = 4; lastKnownFileType = sourcecode.swift; path = CircleImage.swift; sourceTree = "<group>"; };
		84CF272923EAB77000262DA5 /* Home.swift */ = {isa = PBXFileReference; lastKnownFileType = sourcecode.swift; path = Home.swift; sourceTree = "<group>"; };
		84CF272B23EABCE400262DA5 /* CategoryRow.swift */ = {isa = PBXFileReference; lastKnownFileType = sourcecode.swift; path = CategoryRow.swift; sourceTree = "<group>"; };
		84CF272D23EB11F500262DA5 /* ProfileHost.swift */ = {isa = PBXFileReference; lastKnownFileType = sourcecode.swift; path = ProfileHost.swift; sourceTree = "<group>"; };
		84CF272F23EB18BF00262DA5 /* Profile.swift */ = {isa = PBXFileReference; fileEncoding = 4; lastKnownFileType = sourcecode.swift; path = Profile.swift; sourceTree = "<group>"; };
		84CF273123EB23A400262DA5 /* ProfileSummary.swift */ = {isa = PBXFileReference; lastKnownFileType = sourcecode.swift; path = ProfileSummary.swift; sourceTree = "<group>"; };
		84CF273323EB23F100262DA5 /* HikeBadge.swift */ = {isa = PBXFileReference; lastKnownFileType = sourcecode.swift; path = HikeBadge.swift; sourceTree = "<group>"; };
		84CF273623EB243300262DA5 /* BadgeBackground.swift */ = {isa = PBXFileReference; fileEncoding = 4; lastKnownFileType = sourcecode.swift; path = BadgeBackground.swift; sourceTree = "<group>"; };
		84CF273723EB243300262DA5 /* HexagonParameters.swift */ = {isa = PBXFileReference; fileEncoding = 4; lastKnownFileType = sourcecode.swift; path = HexagonParameters.swift; sourceTree = "<group>"; };
		84CF273823EB243300262DA5 /* Badge.swift */ = {isa = PBXFileReference; fileEncoding = 4; lastKnownFileType = sourcecode.swift; path = Badge.swift; sourceTree = "<group>"; };
		84CF273923EB243300262DA5 /* RotatedBadgeSymbol.swift */ = {isa = PBXFileReference; fileEncoding = 4; lastKnownFileType = sourcecode.swift; path = RotatedBadgeSymbol.swift; sourceTree = "<group>"; };
		84CF273A23EB243300262DA5 /* BadgeSymbol.swift */ = {isa = PBXFileReference; fileEncoding = 4; lastKnownFileType = sourcecode.swift; path = BadgeSymbol.swift; sourceTree = "<group>"; };
		84CF274123EB251B00262DA5 /* GraphCapsule.swift */ = {isa = PBXFileReference; fileEncoding = 4; lastKnownFileType = sourcecode.swift; path = GraphCapsule.swift; sourceTree = "<group>"; };
		84CF274223EB251B00262DA5 /* HikeGraph.swift */ = {isa = PBXFileReference; fileEncoding = 4; lastKnownFileType = sourcecode.swift; path = HikeGraph.swift; sourceTree = "<group>"; };
		84CF274423EB251B00262DA5 /* HikeDetail.swift */ = {isa = PBXFileReference; fileEncoding = 4; lastKnownFileType = sourcecode.swift; path = HikeDetail.swift; sourceTree = "<group>"; };
		84CF274523EB251B00262DA5 /* hikeData.json */ = {isa = PBXFileReference; fileEncoding = 4; lastKnownFileType = text.json; path = hikeData.json; sourceTree = "<group>"; };
		84CF274623EB251B00262DA5 /* Hike.swift */ = {isa = PBXFileReference; fileEncoding = 4; lastKnownFileType = sourcecode.swift; path = Hike.swift; sourceTree = "<group>"; };
		84CF274723EB251B00262DA5 /* HikeView.swift */ = {isa = PBXFileReference; fileEncoding = 4; lastKnownFileType = sourcecode.swift; path = HikeView.swift; sourceTree = "<group>"; };
		84CF274F23EB261800262DA5 /* ProfileEditor.swift */ = {isa = PBXFileReference; lastKnownFileType = sourcecode.swift; path = ProfileEditor.swift; sourceTree = "<group>"; };
/* End PBXFileReference section */

/* Begin PBXFrameworksBuildPhase section */
		8478BA7823E96278003A72DD /* Frameworks */ = {
			isa = PBXFrameworksBuildPhase;
			buildActionMask = 2147483647;
			files = (
			);
			runOnlyForDeploymentPostprocessing = 0;
		};
/* End PBXFrameworksBuildPhase section */

/* Begin PBXGroup section */
		8478BA7223E96278003A72DD = {
			isa = PBXGroup;
			children = (
				8478BA7D23E96278003A72DD /* 03-App Design and Layout */,
				8478BA7C23E96278003A72DD /* Products */,
			);
			sourceTree = "<group>";
		};
		8478BA7C23E96278003A72DD /* Products */ = {
			isa = PBXGroup;
			children = (
				8478BA7B23E96278003A72DD /* 03-App Design and Layout.app */,
			);
			name = Products;
			sourceTree = "<group>";
		};
		8478BA7D23E96278003A72DD /* 03-App Design and Layout */ = {
			isa = PBXGroup;
			children = (
				84CF274023EB251B00262DA5 /* Animation */,
				84CF273523EB240400262DA5 /* Badge */,
				84CF270F23EAB6FB00262DA5 /* Models */,
				84CF271723EAB6FB00262DA5 /* Resources */,
				84CF271323EAB6FB00262DA5 /* Views */,
				8478BA7E23E96278003A72DD /* AppDelegate.swift */,
				8478BA8023E96278003A72DD /* SceneDelegate.swift */,
				8478BA8223E96278003A72DD /* ContentView.swift */,
				84CF271C23EAB6FB00262DA5 /* CircleImage.swift */,
				84CF270E23EAB6FB00262DA5 /* MapView.swift */,
				8478BA8423E9627A003A72DD /* Assets.xcassets */,
				8478BA8923E9627A003A72DD /* LaunchScreen.storyboard */,
				8478BA8C23E9627A003A72DD /* Info.plist */,
				8478BA8623E9627A003A72DD /* Preview Content */,
				84CF272923EAB77000262DA5 /* Home.swift */,
				84CF272B23EABCE400262DA5 /* CategoryRow.swift */,
				84CF272D23EB11F500262DA5 /* ProfileHost.swift */,
				84CF273123EB23A400262DA5 /* ProfileSummary.swift */,
				84CF273323EB23F100262DA5 /* HikeBadge.swift */,
				84CF274F23EB261800262DA5 /* ProfileEditor.swift */,
			);
			path = "03-App Design and Layout";
			sourceTree = "<group>";
		};
		8478BA8623E9627A003A72DD /* Preview Content */ = {
			isa = PBXGroup;
			children = (
				8478BA8723E9627A003A72DD /* Preview Assets.xcassets */,
			);
			path = "Preview Content";
			sourceTree = "<group>";
		};
		84CF270F23EAB6FB00262DA5 /* Models */ = {
			isa = PBXGroup;
			children = (
				84CF272F23EB18BF00262DA5 /* Profile.swift */,
				84CF271023EAB6FB00262DA5 /* Scene.swift */,
				84CF271123EAB6FB00262DA5 /* Data.swift */,
				84CF271223EAB6FB00262DA5 /* UserData.swift */,
			);
			path = Models;
			sourceTree = "<group>";
		};
		84CF271323EAB6FB00262DA5 /* Views */ = {
			isa = PBXGroup;
			children = (
				84CF271423EAB6FB00262DA5 /* SceneRow.swift */,
				84CF271523EAB6FB00262DA5 /* SceneList.swift */,
				84CF271623EAB6FB00262DA5 /* SceneDetail.swift */,
			);
			path = Views;
			sourceTree = "<group>";
		};
		84CF271723EAB6FB00262DA5 /* Resources */ = {
			isa = PBXGroup;
			children = (
				84CF271823EAB6FB00262DA5 /* yuanmingyuan.jpg */,
				84CF271923EAB6FB00262DA5 /* changcheng.jpg */,
				84CF271A23EAB6FB00262DA5 /* yuyuantangongyuan.jpg */,
				84CF271B23EAB6FB00262DA5 /* sampleData.json */,
			);
			path = Resources;
			sourceTree = "<group>";
		};
		84CF273523EB240400262DA5 /* Badge */ = {
			isa = PBXGroup;
			children = (
				84CF273823EB243300262DA5 /* Badge.swift */,
				84CF273623EB243300262DA5 /* BadgeBackground.swift */,
				84CF273A23EB243300262DA5 /* BadgeSymbol.swift */,
				84CF273723EB243300262DA5 /* HexagonParameters.swift */,
				84CF273923EB243300262DA5 /* RotatedBadgeSymbol.swift */,
			);
			path = Badge;
			sourceTree = "<group>";
		};
		84CF274023EB251B00262DA5 /* Animation */ = {
			isa = PBXGroup;
			children = (
				84CF274123EB251B00262DA5 /* GraphCapsule.swift */,
				84CF274223EB251B00262DA5 /* HikeGraph.swift */,
				84CF274423EB251B00262DA5 /* HikeDetail.swift */,
				84CF274523EB251B00262DA5 /* hikeData.json */,
				84CF274623EB251B00262DA5 /* Hike.swift */,
				84CF274723EB251B00262DA5 /* HikeView.swift */,
			);
			path = Animation;
			sourceTree = "<group>";
		};
/* End PBXGroup section */

/* Begin PBXNativeTarget section */
		8478BA7A23E96278003A72DD /* 03-App Design and Layout */ = {
			isa = PBXNativeTarget;
			buildConfigurationList = 8478BA8F23E9627A003A72DD /* Build configuration list for PBXNativeTarget "03-App Design and Layout" */;
			buildPhases = (
				8478BA7723E96278003A72DD /* Sources */,
				8478BA7823E96278003A72DD /* Frameworks */,
				8478BA7923E96278003A72DD /* Resources */,
			);
			buildRules = (
			);
			dependencies = (
			);
			name = "03-App Design and Layout";
			productName = "03-App Design and Layout";
			productReference = 8478BA7B23E96278003A72DD /* 03-App Design and Layout.app */;
			productType = "com.apple.product-type.application";
		};
/* End PBXNativeTarget section */

/* Begin PBXProject section */
		8478BA7323E96278003A72DD /* Project object */ = {
			isa = PBXProject;
			attributes = {
				LastSwiftUpdateCheck = 1130;
				LastUpgradeCheck = 1130;
				ORGANIZATIONNAME = kingcos;
				TargetAttributes = {
					8478BA7A23E96278003A72DD = {
						CreatedOnToolsVersion = 11.3.1;
					};
				};
			};
			buildConfigurationList = 8478BA7623E96278003A72DD /* Build configuration list for PBXProject "03-App Design and Layout" */;
			compatibilityVersion = "Xcode 9.3";
			developmentRegion = en;
			hasScannedForEncodings = 0;
			knownRegions = (
				en,
				Base,
			);
			mainGroup = 8478BA7223E96278003A72DD;
			productRefGroup = 8478BA7C23E96278003A72DD /* Products */;
			projectDirPath = "";
			projectRoot = "";
			targets = (
				8478BA7A23E96278003A72DD /* 03-App Design and Layout */,
			);
		};
/* End PBXProject section */

/* Begin PBXResourcesBuildPhase section */
		8478BA7923E96278003A72DD /* Resources */ = {
			isa = PBXResourcesBuildPhase;
			buildActionMask = 2147483647;
			files = (
				84CF274C23EB251B00262DA5 /* hikeData.json in Resources */,
				84CF272523EAB6FB00262DA5 /* changcheng.jpg in Resources */,
				84CF272423EAB6FB00262DA5 /* yuanmingyuan.jpg in Resources */,
				8478BA8B23E9627A003A72DD /* LaunchScreen.storyboard in Resources */,
				84CF272723EAB6FB00262DA5 /* sampleData.json in Resources */,
				8478BA8823E9627A003A72DD /* Preview Assets.xcassets in Resources */,
				84CF272623EAB6FB00262DA5 /* yuyuantangongyuan.jpg in Resources */,
				8478BA8523E9627A003A72DD /* Assets.xcassets in Resources */,
			);
			runOnlyForDeploymentPostprocessing = 0;
		};
/* End PBXResourcesBuildPhase section */

/* Begin PBXSourcesBuildPhase section */
		8478BA7723E96278003A72DD /* Sources */ = {
			isa = PBXSourcesBuildPhase;
			buildActionMask = 2147483647;
			files = (
				8478BA7F23E96278003A72DD /* AppDelegate.swift in Sources */,
				84CF273D23EB243300262DA5 /* Badge.swift in Sources */,
				84CF273023EB18BF00262DA5 /* Profile.swift in Sources */,
				84CF273C23EB243300262DA5 /* HexagonParameters.swift in Sources */,
				84CF272223EAB6FB00262DA5 /* SceneList.swift in Sources */,
				84CF273F23EB243300262DA5 /* BadgeSymbol.swift in Sources */,
				84CF274823EB251B00262DA5 /* GraphCapsule.swift in Sources */,
				84CF273E23EB243300262DA5 /* RotatedBadgeSymbol.swift in Sources */,
				84CF274E23EB251B00262DA5 /* HikeView.swift in Sources */,
				84CF271F23EAB6FB00262DA5 /* Data.swift in Sources */,
				84CF272323EAB6FB00262DA5 /* SceneDetail.swift in Sources */,
				84CF272023EAB6FB00262DA5 /* UserData.swift in Sources */,
				84CF271D23EAB6FB00262DA5 /* MapView.swift in Sources */,
				84CF272C23EABCE400262DA5 /* CategoryRow.swift in Sources */,
				84CF274923EB251B00262DA5 /* HikeGraph.swift in Sources */,
				84CF274D23EB251B00262DA5 /* Hike.swift in Sources */,
				84CF271E23EAB6FB00262DA5 /* Scene.swift in Sources */,
				84CF273423EB23F100262DA5 /* HikeBadge.swift in Sources */,
				84CF275023EB261800262DA5 /* ProfileEditor.swift in Sources */,
				8478BA8123E96278003A72DD /* SceneDelegate.swift in Sources */,
				84CF272E23EB11F500262DA5 /* ProfileHost.swift in Sources */,
				84CF272823EAB6FB00262DA5 /* CircleImage.swift in Sources */,
				84CF273B23EB243300262DA5 /* BadgeBackground.swift in Sources */,
				84CF274B23EB251B00262DA5 /* HikeDetail.swift in Sources */,
				8478BA8323E96278003A72DD /* ContentView.swift in Sources */,
				84CF272A23EAB77000262DA5 /* Home.swift in Sources */,
				84CF273223EB23A400262DA5 /* ProfileSummary.swift in Sources */,
				84CF272123EAB6FB00262DA5 /* SceneRow.swift in Sources */,
			);
			runOnlyForDeploymentPostprocessing = 0;
		};
/* End PBXSourcesBuildPhase section */

/* Begin PBXVariantGroup section */
		8478BA8923E9627A003A72DD /* LaunchScreen.storyboard */ = {
			isa = PBXVariantGroup;
			children = (
				8478BA8A23E9627A003A72DD /* Base */,
			);
			name = LaunchScreen.storyboard;
			sourceTree = "<group>";
		};
/* End PBXVariantGroup section */

/* Begin XCBuildConfiguration section */
		8478BA8D23E9627A003A72DD /* Debug */ = {
			isa = XCBuildConfiguration;
			buildSettings = {
				ALWAYS_SEARCH_USER_PATHS = NO;
				CLANG_ANALYZER_NONNULL = YES;
				CLANG_ANALYZER_NUMBER_OBJECT_CONVERSION = YES_AGGRESSIVE;
				CLANG_CXX_LANGUAGE_STANDARD = "gnu++14";
				CLANG_CXX_LIBRARY = "libc++";
				CLANG_ENABLE_MODULES = YES;
				CLANG_ENABLE_OBJC_ARC = YES;
				CLANG_ENABLE_OBJC_WEAK = YES;
				CLANG_WARN_BLOCK_CAPTURE_AUTORELEASING = YES;
				CLANG_WARN_BOOL_CONVERSION = YES;
				CLANG_WARN_COMMA = YES;
				CLANG_WARN_CONSTANT_CONVERSION = YES;
				CLANG_WARN_DEPRECATED_OBJC_IMPLEMENTATIONS = YES;
				CLANG_WARN_DIRECT_OBJC_ISA_USAGE = YES_ERROR;
				CLANG_WARN_DOCUMENTATION_COMMENTS = YES;
				CLANG_WARN_EMPTY_BODY = YES;
				CLANG_WARN_ENUM_CONVERSION = YES;
				CLANG_WARN_INFINITE_RECURSION = YES;
				CLANG_WARN_INT_CONVERSION = YES;
				CLANG_WARN_NON_LITERAL_NULL_CONVERSION = YES;
				CLANG_WARN_OBJC_IMPLICIT_RETAIN_SELF = YES;
				CLANG_WARN_OBJC_LITERAL_CONVERSION = YES;
				CLANG_WARN_OBJC_ROOT_CLASS = YES_ERROR;
				CLANG_WARN_RANGE_LOOP_ANALYSIS = YES;
				CLANG_WARN_STRICT_PROTOTYPES = YES;
				CLANG_WARN_SUSPICIOUS_MOVE = YES;
				CLANG_WARN_UNGUARDED_AVAILABILITY = YES_AGGRESSIVE;
				CLANG_WARN_UNREACHABLE_CODE = YES;
				CLANG_WARN__DUPLICATE_METHOD_MATCH = YES;
				COPY_PHASE_STRIP = NO;
				DEBUG_INFORMATION_FORMAT = dwarf;
				ENABLE_STRICT_OBJC_MSGSEND = YES;
				ENABLE_TESTABILITY = YES;
				GCC_C_LANGUAGE_STANDARD = gnu11;
				GCC_DYNAMIC_NO_PIC = NO;
				GCC_NO_COMMON_BLOCKS = YES;
				GCC_OPTIMIZATION_LEVEL = 0;
				GCC_PREPROCESSOR_DEFINITIONS = (
					"DEBUG=1",
					"$(inherited)",
				);
				GCC_WARN_64_TO_32_BIT_CONVERSION = YES;
				GCC_WARN_ABOUT_RETURN_TYPE = YES_ERROR;
				GCC_WARN_UNDECLARED_SELECTOR = YES;
				GCC_WARN_UNINITIALIZED_AUTOS = YES_AGGRESSIVE;
				GCC_WARN_UNUSED_FUNCTION = YES;
				GCC_WARN_UNUSED_VARIABLE = YES;
				IPHONEOS_DEPLOYMENT_TARGET = 13.2;
				MTL_ENABLE_DEBUG_INFO = INCLUDE_SOURCE;
				MTL_FAST_MATH = YES;
				ONLY_ACTIVE_ARCH = YES;
				SDKROOT = iphoneos;
				SWIFT_ACTIVE_COMPILATION_CONDITIONS = DEBUG;
				SWIFT_OPTIMIZATION_LEVEL = "-Onone";
			};
			name = Debug;
		};
		8478BA8E23E9627A003A72DD /* Release */ = {
			isa = XCBuildConfiguration;
			buildSettings = {
				ALWAYS_SEARCH_USER_PATHS = NO;
				CLANG_ANALYZER_NONNULL = YES;
				CLANG_ANALYZER_NUMBER_OBJECT_CONVERSION = YES_AGGRESSIVE;
				CLANG_CXX_LANGUAGE_STANDARD = "gnu++14";
				CLANG_CXX_LIBRARY = "libc++";
				CLANG_ENABLE_MODULES = YES;
				CLANG_ENABLE_OBJC_ARC = YES;
				CLANG_ENABLE_OBJC_WEAK = YES;
				CLANG_WARN_BLOCK_CAPTURE_AUTORELEASING = YES;
				CLANG_WARN_BOOL_CONVERSION = YES;
				CLANG_WARN_COMMA = YES;
				CLANG_WARN_CONSTANT_CONVERSION = YES;
				CLANG_WARN_DEPRECATED_OBJC_IMPLEMENTATIONS = YES;
				CLANG_WARN_DIRECT_OBJC_ISA_USAGE = YES_ERROR;
				CLANG_WARN_DOCUMENTATION_COMMENTS = YES;
				CLANG_WARN_EMPTY_BODY = YES;
				CLANG_WARN_ENUM_CONVERSION = YES;
				CLANG_WARN_INFINITE_RECURSION = YES;
				CLANG_WARN_INT_CONVERSION = YES;
				CLANG_WARN_NON_LITERAL_NULL_CONVERSION = YES;
				CLANG_WARN_OBJC_IMPLICIT_RETAIN_SELF = YES;
				CLANG_WARN_OBJC_LITERAL_CONVERSION = YES;
				CLANG_WARN_OBJC_ROOT_CLASS = YES_ERROR;
				CLANG_WARN_RANGE_LOOP_ANALYSIS = YES;
				CLANG_WARN_STRICT_PROTOTYPES = YES;
				CLANG_WARN_SUSPICIOUS_MOVE = YES;
				CLANG_WARN_UNGUARDED_AVAILABILITY = YES_AGGRESSIVE;
				CLANG_WARN_UNREACHABLE_CODE = YES;
				CLANG_WARN__DUPLICATE_METHOD_MATCH = YES;
				COPY_PHASE_STRIP = NO;
				DEBUG_INFORMATION_FORMAT = "dwarf-with-dsym";
				ENABLE_NS_ASSERTIONS = NO;
				ENABLE_STRICT_OBJC_MSGSEND = YES;
				GCC_C_LANGUAGE_STANDARD = gnu11;
				GCC_NO_COMMON_BLOCKS = YES;
				GCC_WARN_64_TO_32_BIT_CONVERSION = YES;
				GCC_WARN_ABOUT_RETURN_TYPE = YES_ERROR;
				GCC_WARN_UNDECLARED_SELECTOR = YES;
				GCC_WARN_UNINITIALIZED_AUTOS = YES_AGGRESSIVE;
				GCC_WARN_UNUSED_FUNCTION = YES;
				GCC_WARN_UNUSED_VARIABLE = YES;
				IPHONEOS_DEPLOYMENT_TARGET = 13.2;
				MTL_ENABLE_DEBUG_INFO = NO;
				MTL_FAST_MATH = YES;
				SDKROOT = iphoneos;
				SWIFT_COMPILATION_MODE = wholemodule;
				SWIFT_OPTIMIZATION_LEVEL = "-O";
				VALIDATE_PRODUCT = YES;
			};
			name = Release;
		};
		8478BA9023E9627A003A72DD /* Debug */ = {
			isa = XCBuildConfiguration;
			buildSettings = {
				ASSETCATALOG_COMPILER_APPICON_NAME = AppIcon;
				CODE_SIGN_STYLE = Automatic;
				DEVELOPMENT_ASSET_PATHS = "\"03-App Design and Layout/Preview Content\"";
				DEVELOPMENT_TEAM = LEG7CXMPKJ;
				ENABLE_PREVIEWS = YES;
				INFOPLIST_FILE = "03-App Design and Layout/Info.plist";
				IPHONEOS_DEPLOYMENT_TARGET = 14.0;
				LD_RUNPATH_SEARCH_PATHS = (
					"$(inherited)",
					"@executable_path/Frameworks",
				);
				PRODUCT_BUNDLE_IDENTIFIER = "me.kingcos.-3-App-Design-and-Layout";
				PRODUCT_NAME = "$(TARGET_NAME)";
				SWIFT_VERSION = 5.0;
				TARGETED_DEVICE_FAMILY = "1,2";
			};
			name = Debug;
		};
		8478BA9123E9627A003A72DD /* Release */ = {
			isa = XCBuildConfiguration;
			buildSettings = {
				ASSETCATALOG_COMPILER_APPICON_NAME = AppIcon;
				CODE_SIGN_STYLE = Automatic;
				DEVELOPMENT_ASSET_PATHS = "\"03-App Design and Layout/Preview Content\"";
				DEVELOPMENT_TEAM = LEG7CXMPKJ;
				ENABLE_PREVIEWS = YES;
				INFOPLIST_FILE = "03-App Design and Layout/Info.plist";
				IPHONEOS_DEPLOYMENT_TARGET = 14.0;
				LD_RUNPATH_SEARCH_PATHS = (
					"$(inherited)",
					"@executable_path/Frameworks",
				);
				PRODUCT_BUNDLE_IDENTIFIER = "me.kingcos.-3-App-Design-and-Layout";
				PRODUCT_NAME = "$(TARGET_NAME)";
				SWIFT_VERSION = 5.0;
				TARGETED_DEVICE_FAMILY = "1,2";
			};
			name = Release;
		};
/* End XCBuildConfiguration section */

/* Begin XCConfigurationList section */
		8478BA7623E96278003A72DD /* Build configuration list for PBXProject "03-App Design and Layout" */ = {
			isa = XCConfigurationList;
			buildConfigurations = (
				8478BA8D23E9627A003A72DD /* Debug */,
				8478BA8E23E9627A003A72DD /* Release */,
			);
			defaultConfigurationIsVisible = 0;
			defaultConfigurationName = Release;
		};
		8478BA8F23E9627A003A72DD /* Build configuration list for PBXNativeTarget "03-App Design and Layout" */ = {
			isa = XCConfigurationList;
			buildConfigurations = (
				8478BA9023E9627A003A72DD /* Debug */,
				8478BA9123E9627A003A72DD /* Release */,
			);
			defaultConfigurationIsVisible = 0;
			defaultConfigurationName = Release;
		};
/* End XCConfigurationList section */
	};
	rootObject = 8478BA7323E96278003A72DD /* Project object */;
}
