// !$*UTF8*$!
{
	archiveVersion = 1;
	classes = {
	};
	objectVersion = 50;
	objects = {

/* Begin PBXBuildFile section */
		84CF275E23EB389F00262DA5 /* AppDelegate.swift in Sources */ = {isa = PBXBuildFile; fileRef = 84CF275D23EB389F00262DA5 /* AppDelegate.swift */; };
		84CF276023EB389F00262DA5 /* SceneDelegate.swift in Sources */ = {isa = PBXBuildFile; fileRef = 84CF275F23EB389F00262DA5 /* SceneDelegate.swift */; };
		84CF276223EB389F00262DA5 /* ContentView.swift in Sources */ = {isa = PBXBuildFile; fileRef = 84CF276123EB389F00262DA5 /* ContentView.swift */; };
		84CF276423EB38A000262DA5 /* Assets.xcassets in Resources */ = {isa = PBXBuildFile; fileRef = 84CF276323EB38A000262DA5 /* Assets.xcassets */; };
		84CF276723EB38A000262DA5 /* Preview Assets.xcassets in Resources */ = {isa = PBXBuildFile; fileRef = 84CF276623EB38A000262DA5 /* Preview Assets.xcassets */; };
		84CF276A23EB38A000262DA5 /* LaunchScreen.storyboard in Resources */ = {isa = PBXBuildFile; fileRef = 84CF276823EB38A000262DA5 /* LaunchScreen.storyboard */; };
		84CF277223EB396D00262DA5 /* PageViewController.swift in Sources */ = {isa = PBXBuildFile; fileRef = 84CF277123EB396D00262DA5 /* PageViewController.swift */; };
		84CF277423EB3A1F00262DA5 /* PageView.swift in Sources */ = {isa = PBXBuildFile; fileRef = 84CF277323EB3A1F00262DA5 /* PageView.swift */; };
		84CF277723EB3AFF00262DA5 /* FeatureCard.swift in Sources */ = {isa = PBXBuildFile; fileRef = 84CF277623EB3AFF00262DA5 /* FeatureCard.swift */; };
		84CF277D23EB3B2200262DA5 /* Scene.swift in Sources */ = {isa = PBXBuildFile; fileRef = 84CF277923EB3B2200262DA5 /* Scene.swift */; };
		84CF277E23EB3B2200262DA5 /* Data.swift in Sources */ = {isa = PBXBuildFile; fileRef = 84CF277A23EB3B2200262DA5 /* Data.swift */; };
		84CF277F23EB3B2200262DA5 /* Profile.swift in Sources */ = {isa = PBXBuildFile; fileRef = 84CF277B23EB3B2200262DA5 /* Profile.swift */; };
		84CF278023EB3B2200262DA5 /* UserData.swift in Sources */ = {isa = PBXBuildFile; fileRef = 84CF277C23EB3B2200262DA5 /* UserData.swift */; };
		84CF278623EB3BAD00262DA5 /* yuanmingyuan.jpg in Resources */ = {isa = PBXBuildFile; fileRef = 84CF278223EB3BAD00262DA5 /* yuanmingyuan.jpg */; };
		84CF278723EB3BAD00262DA5 /* changcheng.jpg in Resources */ = {isa = PBXBuildFile; fileRef = 84CF278323EB3BAD00262DA5 /* changcheng.jpg */; };
		84CF278823EB3BAD00262DA5 /* yuyuantangongyuan.jpg in Resources */ = {isa = PBXBuildFile; fileRef = 84CF278423EB3BAD00262DA5 /* yuyuantangongyuan.jpg */; };
		84CF278923EB3BAD00262DA5 /* sampleData.json in Resources */ = {isa = PBXBuildFile; fileRef = 84CF278523EB3BAD00262DA5 /* sampleData.json */; };
		84CF278B23EB422F00262DA5 /* PageControl.swift in Sources */ = {isa = PBXBuildFile; fileRef = 84CF278A23EB422F00262DA5 /* PageControl.swift */; };
/* End PBXBuildFile section */

/* Begin PBXFileReference section */
		84CF275A23EB389F00262DA5 /* 04-Framework Integration.app */ = {isa = PBXFileReference; explicitFileType = wrapper.application; includeInIndex = 0; path = "04-Framework Integration.app"; sourceTree = BUILT_PRODUCTS_DIR; };
		84CF275D23EB389F00262DA5 /* AppDelegate.swift */ = {isa = PBXFileReference; lastKnownFileType = sourcecode.swift; path = AppDelegate.swift; sourceTree = "<group>"; };
		84CF275F23EB389F00262DA5 /* SceneDelegate.swift */ = {isa = PBXFileReference; lastKnownFileType = sourcecode.swift; path = SceneDelegate.swift; sourceTree = "<group>"; };
		84CF276123EB389F00262DA5 /* ContentView.swift */ = {isa = PBXFileReference; lastKnownFileType = sourcecode.swift; path = ContentView.swift; sourceTree = "<group>"; };
		84CF276323EB38A000262DA5 /* Assets.xcassets */ = {isa = PBXFileReference; lastKnownFileType = folder.assetcatalog; path = Assets.xcassets; sourceTree = "<group>"; };
		84CF276623EB38A000262DA5 /* Preview Assets.xcassets */ = {isa = PBXFileReference; lastKnownFileType = folder.assetcatalog; path = "Preview Assets.xcassets"; sourceTree = "<group>"; };
		84CF276923EB38A000262DA5 /* Base */ = {isa = PBXFileReference; lastKnownFileType = file.storyboard; name = Base; path = Base.lproj/LaunchScreen.storyboard; sourceTree = "<group>"; };
		84CF276B23EB38A000262DA5 /* Info.plist */ = {isa = PBXFileReference; lastKnownFileType = text.plist.xml; path = Info.plist; sourceTree = "<group>"; };
		84CF277123EB396D00262DA5 /* PageViewController.swift */ = {isa = PBXFileReference; lastKnownFileType = sourcecode.swift; path = PageViewController.swift; sourceTree = "<group>"; };
		84CF277323EB3A1F00262DA5 /* PageView.swift */ = {isa = PBXFileReference; lastKnownFileType = sourcecode.swift; path = PageView.swift; sourceTree = "<group>"; };
		84CF277623EB3AFF00262DA5 /* FeatureCard.swift */ = {isa = PBXFileReference; lastKnownFileType = sourcecode.swift; path = FeatureCard.swift; sourceTree = "<group>"; };
		84CF277923EB3B2200262DA5 /* Scene.swift */ = {isa = PBXFileReference; fileEncoding = 4; lastKnownFileType = sourcecode.swift; path = Scene.swift; sourceTree = "<group>"; };
		84CF277A23EB3B2200262DA5 /* Data.swift */ = {isa = PBXFileReference; fileEncoding = 4; lastKnownFileType = sourcecode.swift; path = Data.swift; sourceTree = "<group>"; };
		84CF277B23EB3B2200262DA5 /* Profile.swift */ = {isa = PBXFileReference; fileEncoding = 4; lastKnownFileType = sourcecode.swift; path = Profile.swift; sourceTree = "<group>"; };
		84CF277C23EB3B2200262DA5 /* UserData.swift */ = {isa = PBXFileReference; fileEncoding = 4; lastKnownFileType = sourcecode.swift; path = UserData.swift; sourceTree = "<group>"; };
		84CF278223EB3BAD00262DA5 /* yuanmingyuan.jpg */ = {isa = PBXFileReference; lastKnownFileType = image.jpeg; path = yuanmingyuan.jpg; sourceTree = "<group>"; };
		84CF278323EB3BAD00262DA5 /* changcheng.jpg */ = {isa = PBXFileReference; lastKnownFileType = image.jpeg; path = changcheng.jpg; sourceTree = "<group>"; };
		84CF278423EB3BAD00262DA5 /* yuyuantangongyuan.jpg */ = {isa = PBXFileReference; lastKnownFileType = image.jpeg; path = yuyuantangongyuan.jpg; sourceTree = "<group>"; };
		84CF278523EB3BAD00262DA5 /* sampleData.json */ = {isa = PBXFileReference; fileEncoding = 4; lastKnownFileType = text.json; path = sampleData.json; sourceTree = "<group>"; };
		84CF278A23EB422F00262DA5 /* PageControl.swift */ = {isa = PBXFileReference; lastKnownFileType = sourcecode.swift; path = PageControl.swift; sourceTree = "<group>"; };
/* End PBXFileReference section */

/* Begin PBXFrameworksBuildPhase section */
		84CF275723EB389F00262DA5 /* Frameworks */ = {
			isa = PBXFrameworksBuildPhase;
			buildActionMask = 2147483647;
			files = (
			);
			runOnlyForDeploymentPostprocessing = 0;
		};
/* End PBXFrameworksBuildPhase section */

/* Begin PBXGroup section */
		84CF275123EB389F00262DA5 = {
			isa = PBXGroup;
			children = (
				84CF275C23EB389F00262DA5 /* 04-Framework Integration */,
				84CF275B23EB389F00262DA5 /* Products */,
			);
			sourceTree = "<group>";
		};
		84CF275B23EB389F00262DA5 /* Products */ = {
			isa = PBXGroup;
			children = (
				84CF275A23EB389F00262DA5 /* 04-Framework Integration.app */,
			);
			name = Products;
			sourceTree = "<group>";
		};
		84CF275C23EB389F00262DA5 /* 04-Framework Integration */ = {
			isa = PBXGroup;
			children = (
				84CF278123EB3BAD00262DA5 /* Resources */,
				84CF277823EB3B2200262DA5 /* Models */,
				84CF277523EB3AF400262DA5 /* Supporting Views */,
				84CF275D23EB389F00262DA5 /* AppDelegate.swift */,
				84CF275F23EB389F00262DA5 /* SceneDelegate.swift */,
				84CF276123EB389F00262DA5 /* ContentView.swift */,
				84CF276323EB38A000262DA5 /* Assets.xcassets */,
				84CF276823EB38A000262DA5 /* LaunchScreen.storyboard */,
				84CF276B23EB38A000262DA5 /* Info.plist */,
				84CF276523EB38A000262DA5 /* Preview Content */,
				84CF277123EB396D00262DA5 /* PageViewController.swift */,
				84CF277323EB3A1F00262DA5 /* PageView.swift */,
				84CF278A23EB422F00262DA5 /* PageControl.swift */,
			);
			path = "04-Framework Integration";
			sourceTree = "<group>";
		};
		84CF276523EB38A000262DA5 /* Preview Content */ = {
			isa = PBXGroup;
			children = (
				84CF276623EB38A000262DA5 /* Preview Assets.xcassets */,
			);
			path = "Preview Content";
			sourceTree = "<group>";
		};
		84CF277523EB3AF400262DA5 /* Supporting Views */ = {
			isa = PBXGroup;
			children = (
				84CF277623EB3AFF00262DA5 /* FeatureCard.swift */,
			);
			path = "Supporting Views";
			sourceTree = "<group>";
		};
		84CF277823EB3B2200262DA5 /* Models */ = {
			isa = PBXGroup;
			children = (
				84CF277923EB3B2200262DA5 /* Scene.swift */,
				84CF277A23EB3B2200262DA5 /* Data.swift */,
				84CF277B23EB3B2200262DA5 /* Profile.swift */,
				84CF277C23EB3B2200262DA5 /* UserData.swift */,
			);
			path = Models;
			sourceTree = "<group>";
		};
		84CF278123EB3BAD00262DA5 /* Resources */ = {
			isa = PBXGroup;
			children = (
				84CF278223EB3BAD00262DA5 /* yuanmingyuan.jpg */,
				84CF278323EB3BAD00262DA5 /* changcheng.jpg */,
				84CF278423EB3BAD00262DA5 /* yuyuantangongyuan.jpg */,
				84CF278523EB3BAD00262DA5 /* sampleData.json */,
			);
			path = Resources;
			sourceTree = "<group>";
		};
/* End PBXGroup section */

/* Begin PBXNativeTarget section */
		84CF275923EB389F00262DA5 /* 04-Framework Integration */ = {
			isa = PBXNativeTarget;
			buildConfigurationList = 84CF276E23EB38A000262DA5 /* Build configuration list for PBXNativeTarget "04-Framework Integration" */;
			buildPhases = (
				84CF275623EB389F00262DA5 /* Sources */,
				84CF275723EB389F00262DA5 /* Frameworks */,
				84CF275823EB389F00262DA5 /* Resources */,
			);
			buildRules = (
			);
			dependencies = (
			);
			name = "04-Framework Integration";
			productName = "04-Framework Integration";
			productReference = 84CF275A23EB389F00262DA5 /* 04-Framework Integration.app */;
			productType = "com.apple.product-type.application";
		};
/* End PBXNativeTarget section */

/* Begin PBXProject section */
		84CF275223EB389F00262DA5 /* Project object */ = {
			isa = PBXProject;
			attributes = {
				LastSwiftUpdateCheck = 1130;
				LastUpgradeCheck = 1130;
				ORGANIZATIONNAME = kingcos;
				TargetAttributes = {
					84CF275923EB389F00262DA5 = {
						CreatedOnToolsVersion = 11.3.1;
					};
				};
			};
			buildConfigurationList = 84CF275523EB389F00262DA5 /* Build configuration list for PBXProject "04-Framework Integration" */;
			compatibilityVersion = "Xcode 9.3";
			developmentRegion = en;
			hasScannedForEncodings = 0;
			knownRegions = (
				en,
				Base,
			);
			mainGroup = 84CF275123EB389F00262DA5;
			productRefGroup = 84CF275B23EB389F00262DA5 /* Products */;
			projectDirPath = "";
			projectRoot = "";
			targets = (
				84CF275923EB389F00262DA5 /* 04-Framework Integration */,
			);
		};
/* End PBXProject section */

/* Begin PBXResourcesBuildPhase section */
		84CF275823EB389F00262DA5 /* Resources */ = {
			isa = PBXResourcesBuildPhase;
			buildActionMask = 2147483647;
			files = (
				84CF278723EB3BAD00262DA5 /* changcheng.jpg in Resources */,
				84CF278623EB3BAD00262DA5 /* yuanmingyuan.jpg in Resources */,
				84CF276A23EB38A000262DA5 /* LaunchScreen.storyboard in Resources */,
				84CF278923EB3BAD00262DA5 /* sampleData.json in Resources */,
				84CF276723EB38A000262DA5 /* Preview Assets.xcassets in Resources */,
				84CF278823EB3BAD00262DA5 /* yuyuantangongyuan.jpg in Resources */,
				84CF276423EB38A000262DA5 /* Assets.xcassets in Resources */,
			);
			runOnlyForDeploymentPostprocessing = 0;
		};
/* End PBXResourcesBuildPhase section */

/* Begin PBXSourcesBuildPhase section */
		84CF275623EB389F00262DA5 /* Sources */ = {
			isa = PBXSourcesBuildPhase;
			buildActionMask = 2147483647;
			files = (
				84CF277423EB3A1F00262DA5 /* PageView.swift in Sources */,
				84CF275E23EB389F00262DA5 /* AppDelegate.swift in Sources */,
				84CF276023EB389F00262DA5 /* SceneDelegate.swift in Sources */,
				84CF276223EB389F00262DA5 /* ContentView.swift in Sources */,
				84CF277D23EB3B2200262DA5 /* Scene.swift in Sources */,
				84CF277723EB3AFF00262DA5 /* FeatureCard.swift in Sources */,
				84CF277223EB396D00262DA5 /* PageViewController.swift in Sources */,
				84CF277F23EB3B2200262DA5 /* Profile.swift in Sources */,
				84CF278B23EB422F00262DA5 /* PageControl.swift in Sources */,
				84CF278023EB3B2200262DA5 /* UserData.swift in Sources */,
				84CF277E23EB3B2200262DA5 /* Data.swift in Sources */,
			);
			runOnlyForDeploymentPostprocessing = 0;
		};
/* End PBXSourcesBuildPhase section */

/* Begin PBXVariantGroup section */
		84CF276823EB38A000262DA5 /* LaunchScreen.storyboard */ = {
			isa = PBXVariantGroup;
			children = (
				84CF276923EB38A000262DA5 /* Base */,
			);
			name = LaunchScreen.storyboard;
			sourceTree = "<group>";
		};
/* End PBXVariantGroup section */

/* Begin XCBuildConfiguration section */
		84CF276C23EB38A000262DA5 /* Debug */ = {
			isa = XCBuildConfiguration;
			buildSettings = {
				ALWAYS_SEARCH_USER_PATHS = NO;
				CLANG_ANALYZER_NONNULL = YES;
				CLANG_ANALYZER_NUMBER_OBJECT_CONVERSION = YES_AGGRESSIVE;
				CLANG_CXX_LANGUAGE_STANDARD = "gnu++14";
				CLANG_CXX_LIBRARY = "libc++";
				CLANG_ENABLE_MODULES = YES;
				CLANG_ENABLE_OBJC_ARC = YES;
				CLANG_ENABLE_OBJC_WEAK = YES;
				CLANG_WARN_BLOCK_CAPTURE_AUTORELEASING = YES;
				CLANG_WARN_BOOL_CONVERSION = YES;
				CLANG_WARN_COMMA = YES;
				CLANG_WARN_CONSTANT_CONVERSION = YES;
				CLANG_WARN_DEPRECATED_OBJC_IMPLEMENTATIONS = YES;
				CLANG_WARN_DIRECT_OBJC_ISA_USAGE = YES_ERROR;
				CLANG_WARN_DOCUMENTATION_COMMENTS = YES;
				CLANG_WARN_EMPTY_BODY = YES;
				CLANG_WARN_ENUM_CONVERSION = YES;
				CLANG_WARN_INFINITE_RECURSION = YES;
				CLANG_WARN_INT_CONVERSION = YES;
				CLANG_WARN_NON_LITERAL_NULL_CONVERSION = YES;
				CLANG_WARN_OBJC_IMPLICIT_RETAIN_SELF = YES;
				CLANG_WARN_OBJC_LITERAL_CONVERSION = YES;
				CLANG_WARN_OBJC_ROOT_CLASS = YES_ERROR;
				CLANG_WARN_RANGE_LOOP_ANALYSIS = YES;
				CLANG_WARN_STRICT_PROTOTYPES = YES;
				CLANG_WARN_SUSPICIOUS_MOVE = YES;
				CLANG_WARN_UNGUARDED_AVAILABILITY = YES_AGGRESSIVE;
				CLANG_WARN_UNREACHABLE_CODE = YES;
				CLANG_WARN__DUPLICATE_METHOD_MATCH = YES;
				COPY_PHASE_STRIP = NO;
				DEBUG_INFORMATION_FORMAT = dwarf;
				ENABLE_STRICT_OBJC_MSGSEND = YES;
				ENABLE_TESTABILITY = YES;
				GCC_C_LANGUAGE_STANDARD = gnu11;
				GCC_DYNAMIC_NO_PIC = NO;
				GCC_NO_COMMON_BLOCKS = YES;
				GCC_OPTIMIZATION_LEVEL = 0;
				GCC_PREPROCESSOR_DEFINITIONS = (
					"DEBUG=1",
					"$(inherited)",
				);
				GCC_WARN_64_TO_32_BIT_CONVERSION = YES;
				GCC_WARN_ABOUT_RETURN_TYPE = YES_ERROR;
				GCC_WARN_UNDECLARED_SELECTOR = YES;
				GCC_WARN_UNINITIALIZED_AUTOS = YES_AGGRESSIVE;
				GCC_WARN_UNUSED_FUNCTION = YES;
				GCC_WARN_UNUSED_VARIABLE = YES;
				IPHONEOS_DEPLOYMENT_TARGET = 13.2;
				MTL_ENABLE_DEBUG_INFO = INCLUDE_SOURCE;
				MTL_FAST_MATH = YES;
				ONLY_ACTIVE_ARCH = YES;
				SDKROOT = iphoneos;
				SWIFT_ACTIVE_COMPILATION_CONDITIONS = DEBUG;
				SWIFT_OPTIMIZATION_LEVEL = "-Onone";
			};
			name = Debug;
		};
		84CF276D23EB38A000262DA5 /* Release */ = {
			isa = XCBuildConfiguration;
			buildSettings = {
				ALWAYS_SEARCH_USER_PATHS = NO;
				CLANG_ANALYZER_NONNULL = YES;
				CLANG_ANALYZER_NUMBER_OBJECT_CONVERSION = YES_AGGRESSIVE;
				CLANG_CXX_LANGUAGE_STANDARD = "gnu++14";
				CLANG_CXX_LIBRARY = "libc++";
				CLANG_ENABLE_MODULES = YES;
				CLANG_ENABLE_OBJC_ARC = YES;
				CLANG_ENABLE_OBJC_WEAK = YES;
				CLANG_WARN_BLOCK_CAPTURE_AUTORELEASING = YES;
				CLANG_WARN_BOOL_CONVERSION = YES;
				CLANG_WARN_COMMA = YES;
				CLANG_WARN_CONSTANT_CONVERSION = YES;
				CLANG_WARN_DEPRECATED_OBJC_IMPLEMENTATIONS = YES;
				CLANG_WARN_DIRECT_OBJC_ISA_USAGE = YES_ERROR;
				CLANG_WARN_DOCUMENTATION_COMMENTS = YES;
				CLANG_WARN_EMPTY_BODY = YES;
				CLANG_WARN_ENUM_CONVERSION = YES;
				CLANG_WARN_INFINITE_RECURSION = YES;
				CLANG_WARN_INT_CONVERSION = YES;
				CLANG_WARN_NON_LITERAL_NULL_CONVERSION = YES;
				CLANG_WARN_OBJC_IMPLICIT_RETAIN_SELF = YES;
				CLANG_WARN_OBJC_LITERAL_CONVERSION = YES;
				CLANG_WARN_OBJC_ROOT_CLASS = YES_ERROR;
				CLANG_WARN_RANGE_LOOP_ANALYSIS = YES;
				CLANG_WARN_STRICT_PROTOTYPES = YES;
				CLANG_WARN_SUSPICIOUS_MOVE = YES;
				CLANG_WARN_UNGUARDED_AVAILABILITY = YES_AGGRESSIVE;
				CLANG_WARN_UNREACHABLE_CODE = YES;
				CLANG_WARN__DUPLICATE_METHOD_MATCH = YES;
				COPY_PHASE_STRIP = NO;
				DEBUG_INFORMATION_FORMAT = "dwarf-with-dsym";
				ENABLE_NS_ASSERTIONS = NO;
				ENABLE_STRICT_OBJC_MSGSEND = YES;
				GCC_C_LANGUAGE_STANDARD = gnu11;
				GCC_NO_COMMON_BLOCKS = YES;
				GCC_WARN_64_TO_32_BIT_CONVERSION = YES;
				GCC_WARN_ABOUT_RETURN_TYPE = YES_ERROR;
				GCC_WARN_UNDECLARED_SELECTOR = YES;
				GCC_WARN_UNINITIALIZED_AUTOS = YES_AGGRESSIVE;
				GCC_WARN_UNUSED_FUNCTION = YES;
				GCC_WARN_UNUSED_VARIABLE = YES;
				IPHONEOS_DEPLOYMENT_TARGET = 13.2;
				MTL_ENABLE_DEBUG_INFO = NO;
				MTL_FAST_MATH = YES;
				SDKROOT = iphoneos;
				SWIFT_COMPILATION_MODE = wholemodule;
				SWIFT_OPTIMIZATION_LEVEL = "-O";
				VALIDATE_PRODUCT = YES;
			};
			name = Release;
		};
		84CF276F23EB38A000262DA5 /* Debug */ = {
			isa = XCBuildConfiguration;
			buildSettings = {
				ASSETCATALOG_COMPILER_APPICON_NAME = AppIcon;
				CODE_SIGN_STYLE = Automatic;
				DEVELOPMENT_ASSET_PATHS = "\"04-Framework Integration/Preview Content\"";
				DEVELOPMENT_TEAM = LEG7CXMPKJ;
				ENABLE_PREVIEWS = YES;
				INFOPLIST_FILE = "04-Framework Integration/Info.plist";
				LD_RUNPATH_SEARCH_PATHS = (
					"$(inherited)",
					"@executable_path/Frameworks",
				);
				PRODUCT_BUNDLE_IDENTIFIER = "me.kingcos.-4-Framework-Integration";
				PRODUCT_NAME = "$(TARGET_NAME)";
				SWIFT_VERSION = 5.0;
				TARGETED_DEVICE_FAMILY = "1,2";
			};
			name = Debug;
		};
		84CF277023EB38A000262DA5 /* Release */ = {
			isa = XCBuildConfiguration;
			buildSettings = {
				ASSETCATALOG_COMPILER_APPICON_NAME = AppIcon;
				CODE_SIGN_STYLE = Automatic;
				DEVELOPMENT_ASSET_PATHS = "\"04-Framework Integration/Preview Content\"";
				DEVELOPMENT_TEAM = LEG7CXMPKJ;
				ENABLE_PREVIEWS = YES;
				INFOPLIST_FILE = "04-Framework Integration/Info.plist";
				LD_RUNPATH_SEARCH_PATHS = (
					"$(inherited)",
					"@executable_path/Frameworks",
				);
				PRODUCT_BUNDLE_IDENTIFIER = "me.kingcos.-4-Framework-Integration";
				PRODUCT_NAME = "$(TARGET_NAME)";
				SWIFT_VERSION = 5.0;
				TARGETED_DEVICE_FAMILY = "1,2";
			};
			name = Release;
		};
/* End XCBuildConfiguration section */

/* Begin XCConfigurationList section */
		84CF275523EB389F00262DA5 /* Build configuration list for PBXProject "04-Framework Integration" */ = {
			isa = XCConfigurationList;
			buildConfigurations = (
				84CF276C23EB38A000262DA5 /* Debug */,
				84CF276D23EB38A000262DA5 /* Release */,
			);
			defaultConfigurationIsVisible = 0;
			defaultConfigurationName = Release;
		};
		84CF276E23EB38A000262DA5 /* Build configuration list for PBXNativeTarget "04-Framework Integration" */ = {
			isa = XCConfigurationList;
			buildConfigurations = (
				84CF276F23EB38A000262DA5 /* Debug */,
				84CF277023EB38A000262DA5 /* Release */,
			);
			defaultConfigurationIsVisible = 0;
			defaultConfigurationName = Release;
		};
/* End XCConfigurationList section */
	};
	rootObject = 84CF275223EB389F00262DA5 /* Project object */;
}
