// !$*UTF8*$!
{
	archiveVersion = 1;
	classes = {
	};
	objectVersion = 50;
	objects = {

/* Begin PBXBuildFile section */
		848A1FD224436CEF0080C34C /* AppDelegate.swift in Sources */ = {isa = PBXBuildFile; fileRef = 848A1FD124436CEF0080C34C /* AppDelegate.swift */; };
		848A1FD424436CEF0080C34C /* SceneDelegate.swift in Sources */ = {isa = PBXBuildFile; fileRef = 848A1FD324436CEF0080C34C /* SceneDelegate.swift */; };
		848A1FD624436CEF0080C34C /* ContentView.swift in Sources */ = {isa = PBXBuildFile; fileRef = 848A1FD524436CEF0080C34C /* ContentView.swift */; };
		848A1FD824436CF10080C34C /* Assets.xcassets in Resources */ = {isa = PBXBuildFile; fileRef = 848A1FD724436CF10080C34C /* Assets.xcassets */; };
		848A1FDB24436CF10080C34C /* Preview Assets.xcassets in Resources */ = {isa = PBXBuildFile; fileRef = 848A1FDA24436CF10080C34C /* Preview Assets.xcassets */; };
		848A1FDE24436CF10080C34C /* LaunchScreen.storyboard in Resources */ = {isa = PBXBuildFile; fileRef = 848A1FDC24436CF10080C34C /* LaunchScreen.storyboard */; };
/* End PBXBuildFile section */

/* Begin PBXFileReference section */
		848A1FCE24436CEF0080C34C /* 04-CombineExamples.app */ = {isa = PBXFileReference; explicitFileType = wrapper.application; includeInIndex = 0; path = "04-CombineExamples.app"; sourceTree = BUILT_PRODUCTS_DIR; };
		848A1FD124436CEF0080C34C /* AppDelegate.swift */ = {isa = PBXFileReference; lastKnownFileType = sourcecode.swift; path = AppDelegate.swift; sourceTree = "<group>"; };
		848A1FD324436CEF0080C34C /* SceneDelegate.swift */ = {isa = PBXFileReference; lastKnownFileType = sourcecode.swift; path = SceneDelegate.swift; sourceTree = "<group>"; };
		848A1FD524436CEF0080C34C /* ContentView.swift */ = {isa = PBXFileReference; lastKnownFileType = sourcecode.swift; path = ContentView.swift; sourceTree = "<group>"; };
		848A1FD724436CF10080C34C /* Assets.xcassets */ = {isa = PBXFileReference; lastKnownFileType = folder.assetcatalog; path = Assets.xcassets; sourceTree = "<group>"; };
		848A1FDA24436CF10080C34C /* Preview Assets.xcassets */ = {isa = PBXFileReference; lastKnownFileType = folder.assetcatalog; path = "Preview Assets.xcassets"; sourceTree = "<group>"; };
		848A1FDD24436CF10080C34C /* Base */ = {isa = PBXFileReference; lastKnownFileType = file.storyboard; name = Base; path = Base.lproj/LaunchScreen.storyboard; sourceTree = "<group>"; };
		848A1FDF24436CF10080C34C /* Info.plist */ = {isa = PBXFileReference; lastKnownFileType = text.plist.xml; path = Info.plist; sourceTree = "<group>"; };
/* End PBXFileReference section */

/* Begin PBXFrameworksBuildPhase section */
		848A1FCB24436CEF0080C34C /* Frameworks */ = {
			isa = PBXFrameworksBuildPhase;
			buildActionMask = 2147483647;
			files = (
			);
			runOnlyForDeploymentPostprocessing = 0;
		};
/* End PBXFrameworksBuildPhase section */

/* Begin PBXGroup section */
		848A1FC524436CEF0080C34C = {
			isa = PBXGroup;
			children = (
				848A1FD024436CEF0080C34C /* 04-CombineExamples */,
				848A1FCF24436CEF0080C34C /* Products */,
			);
			sourceTree = "<group>";
		};
		848A1FCF24436CEF0080C34C /* Products */ = {
			isa = PBXGroup;
			children = (
				848A1FCE24436CEF0080C34C /* 04-CombineExamples.app */,
			);
			name = Products;
			sourceTree = "<group>";
		};
		848A1FD024436CEF0080C34C /* 04-CombineExamples */ = {
			isa = PBXGroup;
			children = (
				848A1FD124436CEF0080C34C /* AppDelegate.swift */,
				848A1FD324436CEF0080C34C /* SceneDelegate.swift */,
				848A1FD524436CEF0080C34C /* ContentView.swift */,
				848A1FD724436CF10080C34C /* Assets.xcassets */,
				848A1FDC24436CF10080C34C /* LaunchScreen.storyboard */,
				848A1FDF24436CF10080C34C /* Info.plist */,
				848A1FD924436CF10080C34C /* Preview Content */,
			);
			path = "04-CombineExamples";
			sourceTree = "<group>";
		};
		848A1FD924436CF10080C34C /* Preview Content */ = {
			isa = PBXGroup;
			children = (
				848A1FDA24436CF10080C34C /* Preview Assets.xcassets */,
			);
			path = "Preview Content";
			sourceTree = "<group>";
		};
/* End PBXGroup section */

/* Begin PBXNativeTarget section */
		848A1FCD24436CEF0080C34C /* 04-CombineExamples */ = {
			isa = PBXNativeTarget;
			buildConfigurationList = 848A1FE224436CF10080C34C /* Build configuration list for PBXNativeTarget "04-CombineExamples" */;
			buildPhases = (
				848A1FCA24436CEF0080C34C /* Sources */,
				848A1FCB24436CEF0080C34C /* Frameworks */,
				848A1FCC24436CEF0080C34C /* Resources */,
			);
			buildRules = (
			);
			dependencies = (
			);
			name = "04-CombineExamples";
			productName = "04-CombineExamples";
			productReference = 848A1FCE24436CEF0080C34C /* 04-CombineExamples.app */;
			productType = "com.apple.product-type.application";
		};
/* End PBXNativeTarget section */

/* Begin PBXProject section */
		848A1FC624436CEF0080C34C /* Project object */ = {
			isa = PBXProject;
			attributes = {
				LastSwiftUpdateCheck = 1140;
				LastUpgradeCheck = 1140;
				ORGANIZATIONNAME = kingcos;
				TargetAttributes = {
					848A1FCD24436CEF0080C34C = {
						CreatedOnToolsVersion = 11.4;
					};
				};
			};
			buildConfigurationList = 848A1FC924436CEF0080C34C /* Build configuration list for PBXProject "04-CombineExamples" */;
			compatibilityVersion = "Xcode 9.3";
			developmentRegion = en;
			hasScannedForEncodings = 0;
			knownRegions = (
				en,
				Base,
			);
			mainGroup = 848A1FC524436CEF0080C34C;
			productRefGroup = 848A1FCF24436CEF0080C34C /* Products */;
			projectDirPath = "";
			projectRoot = "";
			targets = (
				848A1FCD24436CEF0080C34C /* 04-CombineExamples */,
			);
		};
/* End PBXProject section */

/* Begin PBXResourcesBuildPhase section */
		848A1FCC24436CEF0080C34C /* Resources */ = {
			isa = PBXResourcesBuildPhase;
			buildActionMask = 2147483647;
			files = (
				848A1FDE24436CF10080C34C /* LaunchScreen.storyboard in Resources */,
				848A1FDB24436CF10080C34C /* Preview Assets.xcassets in Resources */,
				848A1FD824436CF10080C34C /* Assets.xcassets in Resources */,
			);
			runOnlyForDeploymentPostprocessing = 0;
		};
/* End PBXResourcesBuildPhase section */

/* Begin PBXSourcesBuildPhase section */
		848A1FCA24436CEF0080C34C /* Sources */ = {
			isa = PBXSourcesBuildPhase;
			buildActionMask = 2147483647;
			files = (
				848A1FD224436CEF0080C34C /* AppDelegate.swift in Sources */,
				848A1FD424436CEF0080C34C /* SceneDelegate.swift in Sources */,
				848A1FD624436CEF0080C34C /* ContentView.swift in Sources */,
			);
			runOnlyForDeploymentPostprocessing = 0;
		};
/* End PBXSourcesBuildPhase section */

/* Begin PBXVariantGroup section */
		848A1FDC24436CF10080C34C /* LaunchScreen.storyboard */ = {
			isa = PBXVariantGroup;
			children = (
				848A1FDD24436CF10080C34C /* Base */,
			);
			name = LaunchScreen.storyboard;
			sourceTree = "<group>";
		};
/* End PBXVariantGroup section */

/* Begin XCBuildConfiguration section */
		848A1FE024436CF10080C34C /* Debug */ = {
			isa = XCBuildConfiguration;
			buildSettings = {
				ALWAYS_SEARCH_USER_PATHS = NO;
				CLANG_ANALYZER_NONNULL = YES;
				CLANG_ANALYZER_NUMBER_OBJECT_CONVERSION = YES_AGGRESSIVE;
				CLANG_CXX_LANGUAGE_STANDARD = "gnu++14";
				CLANG_CXX_LIBRARY = "libc++";
				CLANG_ENABLE_MODULES = YES;
				CLANG_ENABLE_OBJC_ARC = YES;
				CLANG_ENABLE_OBJC_WEAK = YES;
				CLANG_WARN_BLOCK_CAPTURE_AUTORELEASING = YES;
				CLANG_WARN_BOOL_CONVERSION = YES;
				CLANG_WARN_COMMA = YES;
				CLANG_WARN_CONSTANT_CONVERSION = YES;
				CLANG_WARN_DEPRECATED_OBJC_IMPLEMENTATIONS = YES;
				CLANG_WARN_DIRECT_OBJC_ISA_USAGE = YES_ERROR;
				CLANG_WARN_DOCUMENTATION_COMMENTS = YES;
				CLANG_WARN_EMPTY_BODY = YES;
				CLANG_WARN_ENUM_CONVERSION = YES;
				CLANG_WARN_INFINITE_RECURSION = YES;
				CLANG_WARN_INT_CONVERSION = YES;
				CLANG_WARN_NON_LITERAL_NULL_CONVERSION = YES;
				CLANG_WARN_OBJC_IMPLICIT_RETAIN_SELF = YES;
				CLANG_WARN_OBJC_LITERAL_CONVERSION = YES;
				CLANG_WARN_OBJC_ROOT_CLASS = YES_ERROR;
				CLANG_WARN_RANGE_LOOP_ANALYSIS = YES;
				CLANG_WARN_STRICT_PROTOTYPES = YES;
				CLANG_WARN_SUSPICIOUS_MOVE = YES;
				CLANG_WARN_UNGUARDED_AVAILABILITY = YES_AGGRESSIVE;
				CLANG_WARN_UNREACHABLE_CODE = YES;
				CLANG_WARN__DUPLICATE_METHOD_MATCH = YES;
				COPY_PHASE_STRIP = NO;
				DEBUG_INFORMATION_FORMAT = dwarf;
				ENABLE_STRICT_OBJC_MSGSEND = YES;
				ENABLE_TESTABILITY = YES;
				GCC_C_LANGUAGE_STANDARD = gnu11;
				GCC_DYNAMIC_NO_PIC = NO;
				GCC_NO_COMMON_BLOCKS = YES;
				GCC_OPTIMIZATION_LEVEL = 0;
				GCC_PREPROCESSOR_DEFINITIONS = (
					"DEBUG=1",
					"$(inherited)",
				);
				GCC_WARN_64_TO_32_BIT_CONVERSION = YES;
				GCC_WARN_ABOUT_RETURN_TYPE = YES_ERROR;
				GCC_WARN_UNDECLARED_SELECTOR = YES;
				GCC_WARN_UNINITIALIZED_AUTOS = YES_AGGRESSIVE;
				GCC_WARN_UNUSED_FUNCTION = YES;
				GCC_WARN_UNUSED_VARIABLE = YES;
				IPHONEOS_DEPLOYMENT_TARGET = 13.4;
				MTL_ENABLE_DEBUG_INFO = INCLUDE_SOURCE;
				MTL_FAST_MATH = YES;
				ONLY_ACTIVE_ARCH = YES;
				SDKROOT = iphoneos;
				SWIFT_ACTIVE_COMPILATION_CONDITIONS = DEBUG;
				SWIFT_OPTIMIZATION_LEVEL = "-Onone";
			};
			name = Debug;
		};
		848A1FE124436CF10080C34C /* Release */ = {
			isa = XCBuildConfiguration;
			buildSettings = {
				ALWAYS_SEARCH_USER_PATHS = NO;
				CLANG_ANALYZER_NONNULL = YES;
				CLANG_ANALYZER_NUMBER_OBJECT_CONVERSION = YES_AGGRESSIVE;
				CLANG_CXX_LANGUAGE_STANDARD = "gnu++14";
				CLANG_CXX_LIBRARY = "libc++";
				CLANG_ENABLE_MODULES = YES;
				CLANG_ENABLE_OBJC_ARC = YES;
				CLANG_ENABLE_OBJC_WEAK = YES;
				CLANG_WARN_BLOCK_CAPTURE_AUTORELEASING = YES;
				CLANG_WARN_BOOL_CONVERSION = YES;
				CLANG_WARN_COMMA = YES;
				CLANG_WARN_CONSTANT_CONVERSION = YES;
				CLANG_WARN_DEPRECATED_OBJC_IMPLEMENTATIONS = YES;
				CLANG_WARN_DIRECT_OBJC_ISA_USAGE = YES_ERROR;
				CLANG_WARN_DOCUMENTATION_COMMENTS = YES;
				CLANG_WARN_EMPTY_BODY = YES;
				CLANG_WARN_ENUM_CONVERSION = YES;
				CLANG_WARN_INFINITE_RECURSION = YES;
				CLANG_WARN_INT_CONVERSION = YES;
				CLANG_WARN_NON_LITERAL_NULL_CONVERSION = YES;
				CLANG_WARN_OBJC_IMPLICIT_RETAIN_SELF = YES;
				CLANG_WARN_OBJC_LITERAL_CONVERSION = YES;
				CLANG_WARN_OBJC_ROOT_CLASS = YES_ERROR;
				CLANG_WARN_RANGE_LOOP_ANALYSIS = YES;
				CLANG_WARN_STRICT_PROTOTYPES = YES;
				CLANG_WARN_SUSPICIOUS_MOVE = YES;
				CLANG_WARN_UNGUARDED_AVAILABILITY = YES_AGGRESSIVE;
				CLANG_WARN_UNREACHABLE_CODE = YES;
				CLANG_WARN__DUPLICATE_METHOD_MATCH = YES;
				COPY_PHASE_STRIP = NO;
				DEBUG_INFORMATION_FORMAT = "dwarf-with-dsym";
				ENABLE_NS_ASSERTIONS = NO;
				ENABLE_STRICT_OBJC_MSGSEND = YES;
				GCC_C_LANGUAGE_STANDARD = gnu11;
				GCC_NO_COMMON_BLOCKS = YES;
				GCC_WARN_64_TO_32_BIT_CONVERSION = YES;
				GCC_WARN_ABOUT_RETURN_TYPE = YES_ERROR;
				GCC_WARN_UNDECLARED_SELECTOR = YES;
				GCC_WARN_UNINITIALIZED_AUTOS = YES_AGGRESSIVE;
				GCC_WARN_UNUSED_FUNCTION = YES;
				GCC_WARN_UNUSED_VARIABLE = YES;
				IPHONEOS_DEPLOYMENT_TARGET = 13.4;
				MTL_ENABLE_DEBUG_INFO = NO;
				MTL_FAST_MATH = YES;
				SDKROOT = iphoneos;
				SWIFT_COMPILATION_MODE = wholemodule;
				SWIFT_OPTIMIZATION_LEVEL = "-O";
				VALIDATE_PRODUCT = YES;
			};
			name = Release;
		};
		848A1FE324436CF10080C34C /* Debug */ = {
			isa = XCBuildConfiguration;
			buildSettings = {
				ASSETCATALOG_COMPILER_APPICON_NAME = AppIcon;
				CODE_SIGN_STYLE = Automatic;
				DEVELOPMENT_ASSET_PATHS = "\"04-CombineExamples/Preview Content\"";
				DEVELOPMENT_TEAM = LEG7CXMPKJ;
				ENABLE_PREVIEWS = YES;
				INFOPLIST_FILE = "04-CombineExamples/Info.plist";
				LD_RUNPATH_SEARCH_PATHS = (
					"$(inherited)",
					"@executable_path/Frameworks",
				);
				PRODUCT_BUNDLE_IDENTIFIER = "me.kingcos.-4-CombineExamples";
				PRODUCT_NAME = "$(TARGET_NAME)";
				SWIFT_VERSION = 5.0;
				TARGETED_DEVICE_FAMILY = "1,2";
			};
			name = Debug;
		};
		848A1FE424436CF10080C34C /* Release */ = {
			isa = XCBuildConfiguration;
			buildSettings = {
				ASSETCATALOG_COMPILER_APPICON_NAME = AppIcon;
				CODE_SIGN_STYLE = Automatic;
				DEVELOPMENT_ASSET_PATHS = "\"04-CombineExamples/Preview Content\"";
				DEVELOPMENT_TEAM = LEG7CXMPKJ;
				ENABLE_PREVIEWS = YES;
				INFOPLIST_FILE = "04-CombineExamples/Info.plist";
				LD_RUNPATH_SEARCH_PATHS = (
					"$(inherited)",
					"@executable_path/Frameworks",
				);
				PRODUCT_BUNDLE_IDENTIFIER = "me.kingcos.-4-CombineExamples";
				PRODUCT_NAME = "$(TARGET_NAME)";
				SWIFT_VERSION = 5.0;
				TARGETED_DEVICE_FAMILY = "1,2";
			};
			name = Release;
		};
/* End XCBuildConfiguration section */

/* Begin XCConfigurationList section */
		848A1FC924436CEF0080C34C /* Build configuration list for PBXProject "04-CombineExamples" */ = {
			isa = XCConfigurationList;
			buildConfigurations = (
				848A1FE024436CF10080C34C /* Debug */,
				848A1FE124436CF10080C34C /* Release */,
			);
			defaultConfigurationIsVisible = 0;
			defaultConfigurationName = Release;
		};
		848A1FE224436CF10080C34C /* Build configuration list for PBXNativeTarget "04-CombineExamples" */ = {
			isa = XCConfigurationList;
			buildConfigurations = (
				848A1FE324436CF10080C34C /* Debug */,
				848A1FE424436CF10080C34C /* Release */,
			);
			defaultConfigurationIsVisible = 0;
			defaultConfigurationName = Release;
		};
/* End XCConfigurationList section */
	};
	rootObject = 848A1FC624436CEF0080C34C /* Project object */;
}
