// !$*UTF8*$!
{
	archiveVersion = 1;
	classes = {
	};
	objectVersion = 50;
	objects = {

/* Begin PBXBuildFile section */
		8406CB972363614400029493 /* AppDelegate.swift in Sources */ = {isa = PBXBuildFile; fileRef = 8406CB962363614400029493 /* AppDelegate.swift */; };
		8406CB992363614400029493 /* SceneDelegate.swift in Sources */ = {isa = PBXBuildFile; fileRef = 8406CB982363614400029493 /* SceneDelegate.swift */; };
		8406CB9B2363614400029493 /* ContentView.swift in Sources */ = {isa = PBXBuildFile; fileRef = 8406CB9A2363614400029493 /* ContentView.swift */; };
		8406CB9D2363614500029493 /* Assets.xcassets in Resources */ = {isa = PBXBuildFile; fileRef = 8406CB9C2363614500029493 /* Assets.xcassets */; };
		8406CBA02363614500029493 /* Preview Assets.xcassets in Resources */ = {isa = PBXBuildFile; fileRef = 8406CB9F2363614500029493 /* Preview Assets.xcassets */; };
		8406CBA32363614500029493 /* LaunchScreen.storyboard in Resources */ = {isa = PBXBuildFile; fileRef = 8406CBA12363614500029493 /* LaunchScreen.storyboard */; };
		8406CBAE2363614500029493 /* first_demoTests.swift in Sources */ = {isa = PBXBuildFile; fileRef = 8406CBAD2363614500029493 /* first_demoTests.swift */; };
		8406CBB92363614500029493 /* first_demoUITests.swift in Sources */ = {isa = PBXBuildFile; fileRef = 8406CBB82363614500029493 /* first_demoUITests.swift */; };
		8406CBC723636BB700029493 /* CircleImage.swift in Sources */ = {isa = PBXBuildFile; fileRef = 8406CBC623636BB700029493 /* CircleImage.swift */; };
		8406CBC923636E6C00029493 /* MapView.swift in Sources */ = {isa = PBXBuildFile; fileRef = 8406CBC823636E6C00029493 /* MapView.swift */; };
		8406CBCD23640B5D00029493 /* Scene.swift in Sources */ = {isa = PBXBuildFile; fileRef = 8406CBCC23640B5D00029493 /* Scene.swift */; };
		8406CBCF23640D6800029493 /* Data.swift in Sources */ = {isa = PBXBuildFile; fileRef = 8406CBCE23640D6800029493 /* Data.swift */; };
		8406CBD223642A5D00029493 /* sampleData.json in Resources */ = {isa = PBXBuildFile; fileRef = 8406CBD123642A5D00029493 /* sampleData.json */; };
		8406CBD423642C8B00029493 /* yuanmingyuan.jpg in Resources */ = {isa = PBXBuildFile; fileRef = 8406CBD323642C8B00029493 /* yuanmingyuan.jpg */; };
		8406CBD923643D9D00029493 /* changcheng.jpg in Resources */ = {isa = PBXBuildFile; fileRef = 8406CBD623643D9D00029493 /* changcheng.jpg */; };
		8406CBDA23643D9D00029493 /* yuyuantangongyuan.jpg in Resources */ = {isa = PBXBuildFile; fileRef = 8406CBD723643D9D00029493 /* yuyuantangongyuan.jpg */; };
		8406CBDC23643F8400029493 /* SceneRow.swift in Sources */ = {isa = PBXBuildFile; fileRef = 8406CBDB23643F8400029493 /* SceneRow.swift */; };
		8406CBDE236442AE00029493 /* SceneList.swift in Sources */ = {isa = PBXBuildFile; fileRef = 8406CBDD236442AE00029493 /* SceneList.swift */; };
		8406CBE2236453EB00029493 /* UserData.swift in Sources */ = {isa = PBXBuildFile; fileRef = 8406CBE1236453EB00029493 /* UserData.swift */; };
/* End PBXBuildFile section */

/* Begin PBXContainerItemProxy section */
		8406CBAA2363614500029493 /* PBXContainerItemProxy */ = {
			isa = PBXContainerItemProxy;
			containerPortal = 8406CB8B2363614400029493 /* Project object */;
			proxyType = 1;
			remoteGlobalIDString = 8406CB922363614400029493;
			remoteInfo = "first-demo";
		};
		8406CBB52363614500029493 /* PBXContainerItemProxy */ = {
			isa = PBXContainerItemProxy;
			containerPortal = 8406CB8B2363614400029493 /* Project object */;
			proxyType = 1;
			remoteGlobalIDString = 8406CB922363614400029493;
			remoteInfo = "first-demo";
		};
/* End PBXContainerItemProxy section */

/* Begin PBXFileReference section */
		8406CB932363614400029493 /* first-demo.app */ = {isa = PBXFileReference; explicitFileType = wrapper.application; includeInIndex = 0; path = "first-demo.app"; sourceTree = BUILT_PRODUCTS_DIR; };
		8406CB962363614400029493 /* AppDelegate.swift */ = {isa = PBXFileReference; lastKnownFileType = sourcecode.swift; path = AppDelegate.swift; sourceTree = "<group>"; };
		8406CB982363614400029493 /* SceneDelegate.swift */ = {isa = PBXFileReference; lastKnownFileType = sourcecode.swift; path = SceneDelegate.swift; sourceTree = "<group>"; };
		8406CB9A2363614400029493 /* ContentView.swift */ = {isa = PBXFileReference; lastKnownFileType = sourcecode.swift; path = ContentView.swift; sourceTree = "<group>"; };
		8406CB9C2363614500029493 /* Assets.xcassets */ = {isa = PBXFileReference; lastKnownFileType = folder.assetcatalog; path = Assets.xcassets; sourceTree = "<group>"; };
		8406CB9F2363614500029493 /* Preview Assets.xcassets */ = {isa = PBXFileReference; lastKnownFileType = folder.assetcatalog; path = "Preview Assets.xcassets"; sourceTree = "<group>"; };
		8406CBA22363614500029493 /* Base */ = {isa = PBXFileReference; lastKnownFileType = file.storyboard; name = Base; path = Base.lproj/LaunchScreen.storyboard; sourceTree = "<group>"; };
		8406CBA42363614500029493 /* Info.plist */ = {isa = PBXFileReference; lastKnownFileType = text.plist.xml; path = Info.plist; sourceTree = "<group>"; };
		8406CBA92363614500029493 /* first-demoTests.xctest */ = {isa = PBXFileReference; explicitFileType = wrapper.cfbundle; includeInIndex = 0; path = "first-demoTests.xctest"; sourceTree = BUILT_PRODUCTS_DIR; };
		8406CBAD2363614500029493 /* first_demoTests.swift */ = {isa = PBXFileReference; lastKnownFileType = sourcecode.swift; path = first_demoTests.swift; sourceTree = "<group>"; };
		8406CBAF2363614500029493 /* Info.plist */ = {isa = PBXFileReference; lastKnownFileType = text.plist.xml; path = Info.plist; sourceTree = "<group>"; };
		8406CBB42363614500029493 /* first-demoUITests.xctest */ = {isa = PBXFileReference; explicitFileType = wrapper.cfbundle; includeInIndex = 0; path = "first-demoUITests.xctest"; sourceTree = BUILT_PRODUCTS_DIR; };
		8406CBB82363614500029493 /* first_demoUITests.swift */ = {isa = PBXFileReference; lastKnownFileType = sourcecode.swift; path = first_demoUITests.swift; sourceTree = "<group>"; };
		8406CBBA2363614500029493 /* Info.plist */ = {isa = PBXFileReference; lastKnownFileType = text.plist.xml; path = Info.plist; sourceTree = "<group>"; };
		8406CBC623636BB700029493 /* CircleImage.swift */ = {isa = PBXFileReference; lastKnownFileType = sourcecode.swift; path = CircleImage.swift; sourceTree = "<group>"; };
		8406CBC823636E6C00029493 /* MapView.swift */ = {isa = PBXFileReference; lastKnownFileType = sourcecode.swift; path = MapView.swift; sourceTree = "<group>"; };
		8406CBCC23640B5D00029493 /* Scene.swift */ = {isa = PBXFileReference; lastKnownFileType = sourcecode.swift; path = Scene.swift; sourceTree = "<group>"; };
		8406CBCE23640D6800029493 /* Data.swift */ = {isa = PBXFileReference; lastKnownFileType = sourcecode.swift; path = Data.swift; sourceTree = "<group>"; };
		8406CBD123642A5D00029493 /* sampleData.json */ = {isa = PBXFileReference; lastKnownFileType = text.json; path = sampleData.json; sourceTree = "<group>"; };
		8406CBD323642C8B00029493 /* yuanmingyuan.jpg */ = {isa = PBXFileReference; lastKnownFileType = image.jpeg; path = yuanmingyuan.jpg; sourceTree = "<group>"; };
		8406CBD623643D9D00029493 /* changcheng.jpg */ = {isa = PBXFileReference; lastKnownFileType = image.jpeg; path = changcheng.jpg; sourceTree = "<group>"; };
		8406CBD723643D9D00029493 /* yuyuantangongyuan.jpg */ = {isa = PBXFileReference; lastKnownFileType = image.jpeg; path = yuyuantangongyuan.jpg; sourceTree = "<group>"; };
		8406CBDB23643F8400029493 /* SceneRow.swift */ = {isa = PBXFileReference; lastKnownFileType = sourcecode.swift; name = SceneRow.swift; path = "first-demo/Views/SceneRow.swift"; sourceTree = SOURCE_ROOT; };
		8406CBDD236442AE00029493 /* SceneList.swift */ = {isa = PBXFileReference; lastKnownFileType = sourcecode.swift; path = SceneList.swift; sourceTree = "<group>"; };
		8406CBE1236453EB00029493 /* UserData.swift */ = {isa = PBXFileReference; lastKnownFileType = sourcecode.swift; path = UserData.swift; sourceTree = "<group>"; };
/* End PBXFileReference section */

/* Begin PBXFrameworksBuildPhase section */
		8406CB902363614400029493 /* Frameworks */ = {
			isa = PBXFrameworksBuildPhase;
			buildActionMask = 2147483647;
			files = (
			);
			runOnlyForDeploymentPostprocessing = 0;
		};
		8406CBA62363614500029493 /* Frameworks */ = {
			isa = PBXFrameworksBuildPhase;
			buildActionMask = 2147483647;
			files = (
			);
			runOnlyForDeploymentPostprocessing = 0;
		};
		8406CBB12363614500029493 /* Frameworks */ = {
			isa = PBXFrameworksBuildPhase;
			buildActionMask = 2147483647;
			files = (
			);
			runOnlyForDeploymentPostprocessing = 0;
		};
/* End PBXFrameworksBuildPhase section */

/* Begin PBXGroup section */
		8406CB8A2363614400029493 = {
			isa = PBXGroup;
			children = (
				8406CB952363614400029493 /* first-demo */,
				8406CBAC2363614500029493 /* first-demoTests */,
				8406CBB72363614500029493 /* first-demoUITests */,
				8406CB942363614400029493 /* Products */,
			);
			sourceTree = "<group>";
		};
		8406CB942363614400029493 /* Products */ = {
			isa = PBXGroup;
			children = (
				8406CB932363614400029493 /* first-demo.app */,
				8406CBA92363614500029493 /* first-demoTests.xctest */,
				8406CBB42363614500029493 /* first-demoUITests.xctest */,
			);
			name = Products;
			sourceTree = "<group>";
		};
		8406CB952363614400029493 /* first-demo */ = {
			isa = PBXGroup;
			children = (
				8406CBD0236427D200029493 /* Resources */,
				8406CBCB23640B0D00029493 /* Models */,
				8406CBCA23640ADE00029493 /* Views */,
				8406CB962363614400029493 /* AppDelegate.swift */,
				8406CB982363614400029493 /* SceneDelegate.swift */,
				8406CB9A2363614400029493 /* ContentView.swift */,
				8406CB9C2363614500029493 /* Assets.xcassets */,
				8406CBA12363614500029493 /* LaunchScreen.storyboard */,
				8406CBA42363614500029493 /* Info.plist */,
				8406CB9E2363614500029493 /* Preview Content */,
			);
			path = "first-demo";
			sourceTree = "<group>";
		};
		8406CB9E2363614500029493 /* Preview Content */ = {
			isa = PBXGroup;
			children = (
				8406CB9F2363614500029493 /* Preview Assets.xcassets */,
			);
			path = "Preview Content";
			sourceTree = "<group>";
		};
		8406CBAC2363614500029493 /* first-demoTests */ = {
			isa = PBXGroup;
			children = (
				8406CBAD2363614500029493 /* first_demoTests.swift */,
				8406CBAF2363614500029493 /* Info.plist */,
			);
			path = "first-demoTests";
			sourceTree = "<group>";
		};
		8406CBB72363614500029493 /* first-demoUITests */ = {
			isa = PBXGroup;
			children = (
				8406CBB82363614500029493 /* first_demoUITests.swift */,
				8406CBBA2363614500029493 /* Info.plist */,
			);
			path = "first-demoUITests";
			sourceTree = "<group>";
		};
		8406CBCA23640ADE00029493 /* Views */ = {
			isa = PBXGroup;
			children = (
				8406CBDB23643F8400029493 /* SceneRow.swift */,
				8406CBC623636BB700029493 /* CircleImage.swift */,
				8406CBC823636E6C00029493 /* MapView.swift */,
				8406CBDD236442AE00029493 /* SceneList.swift */,
			);
			path = Views;
			sourceTree = "<group>";
		};
		8406CBCB23640B0D00029493 /* Models */ = {
			isa = PBXGroup;
			children = (
				8406CBCC23640B5D00029493 /* Scene.swift */,
				8406CBCE23640D6800029493 /* Data.swift */,
				8406CBE1236453EB00029493 /* UserData.swift */,
			);
			path = Models;
			sourceTree = "<group>";
		};
		8406CBD0236427D200029493 /* Resources */ = {
			isa = PBXGroup;
			children = (
				8406CBD323642C8B00029493 /* yuanmingyuan.jpg */,
				8406CBD623643D9D00029493 /* changcheng.jpg */,
				8406CBD723643D9D00029493 /* yuyuantangongyuan.jpg */,
				8406CBD123642A5D00029493 /* sampleData.json */,
			);
			path = Resources;
			sourceTree = "<group>";
		};
/* End PBXGroup section */

/* Begin PBXNativeTarget section */
		8406CB922363614400029493 /* first-demo */ = {
			isa = PBXNativeTarget;
			buildConfigurationList = 8406CBBD2363614500029493 /* Build configuration list for PBXNativeTarget "first-demo" */;
			buildPhases = (
				8406CB8F2363614400029493 /* Sources */,
				8406CB902363614400029493 /* Frameworks */,
				8406CB912363614400029493 /* Resources */,
			);
			buildRules = (
			);
			dependencies = (
			);
			name = "first-demo";
			productName = "first-demo";
			productReference = 8406CB932363614400029493 /* first-demo.app */;
			productType = "com.apple.product-type.application";
		};
		8406CBA82363614500029493 /* first-demoTests */ = {
			isa = PBXNativeTarget;
			buildConfigurationList = 8406CBC02363614500029493 /* Build configuration list for PBXNativeTarget "first-demoTests" */;
			buildPhases = (
				8406CBA52363614500029493 /* Sources */,
				8406CBA62363614500029493 /* Frameworks */,
				8406CBA72363614500029493 /* Resources */,
			);
			buildRules = (
			);
			dependencies = (
				8406CBAB2363614500029493 /* PBXTargetDependency */,
			);
			name = "first-demoTests";
			productName = "first-demoTests";
			productReference = 8406CBA92363614500029493 /* first-demoTests.xctest */;
			productType = "com.apple.product-type.bundle.unit-test";
		};
		8406CBB32363614500029493 /* first-demoUITests */ = {
			isa = PBXNativeTarget;
			buildConfigurationList = 8406CBC32363614500029493 /* Build configuration list for PBXNativeTarget "first-demoUITests" */;
			buildPhases = (
				8406CBB02363614500029493 /* Sources */,
				8406CBB12363614500029493 /* Frameworks */,
				8406CBB22363614500029493 /* Resources */,
			);
			buildRules = (
			);
			dependencies = (
				8406CBB62363614500029493 /* PBXTargetDependency */,
			);
			name = "first-demoUITests";
			productName = "first-demoUITests";
			productReference = 8406CBB42363614500029493 /* first-demoUITests.xctest */;
			productType = "com.apple.product-type.bundle.ui-testing";
		};
/* End PBXNativeTarget section */

/* Begin PBXProject section */
		8406CB8B2363614400029493 /* Project object */ = {
			isa = PBXProject;
			attributes = {
				LastSwiftUpdateCheck = 1110;
				LastUpgradeCheck = 1110;
				ORGANIZATIONNAME = kingcos;
				TargetAttributes = {
					8406CB922363614400029493 = {
						CreatedOnToolsVersion = 11.1;
					};
					8406CBA82363614500029493 = {
						CreatedOnToolsVersion = 11.1;
						TestTargetID = 8406CB922363614400029493;
					};
					8406CBB32363614500029493 = {
						CreatedOnToolsVersion = 11.1;
						TestTargetID = 8406CB922363614400029493;
					};
				};
			};
			buildConfigurationList = 8406CB8E2363614400029493 /* Build configuration list for PBXProject "first-demo" */;
			compatibilityVersion = "Xcode 9.3";
			developmentRegion = en;
			hasScannedForEncodings = 0;
			knownRegions = (
				en,
				Base,
			);
			mainGroup = 8406CB8A2363614400029493;
			productRefGroup = 8406CB942363614400029493 /* Products */;
			projectDirPath = "";
			projectRoot = "";
			targets = (
				8406CB922363614400029493 /* first-demo */,
				8406CBA82363614500029493 /* first-demoTests */,
				8406CBB32363614500029493 /* first-demoUITests */,
			);
		};
/* End PBXProject section */

/* Begin PBXResourcesBuildPhase section */
		8406CB912363614400029493 /* Resources */ = {
			isa = PBXResourcesBuildPhase;
			buildActionMask = 2147483647;
			files = (
				8406CBA32363614500029493 /* LaunchScreen.storyboard in Resources */,
				8406CBD423642C8B00029493 /* yuanmingyuan.jpg in Resources */,
				8406CBDA23643D9D00029493 /* yuyuantangongyuan.jpg in Resources */,
				8406CBD923643D9D00029493 /* changcheng.jpg in Resources */,
				8406CBA02363614500029493 /* Preview Assets.xcassets in Resources */,
				8406CB9D2363614500029493 /* Assets.xcassets in Resources */,
				8406CBD223642A5D00029493 /* sampleData.json in Resources */,
			);
			runOnlyForDeploymentPostprocessing = 0;
		};
		8406CBA72363614500029493 /* Resources */ = {
			isa = PBXResourcesBuildPhase;
			buildActionMask = 2147483647;
			files = (
			);
			runOnlyForDeploymentPostprocessing = 0;
		};
		8406CBB22363614500029493 /* Resources */ = {
			isa = PBXResourcesBuildPhase;
			buildActionMask = 2147483647;
			files = (
			);
			runOnlyForDeploymentPostprocessing = 0;
		};
/* End PBXResourcesBuildPhase section */

/* Begin PBXSourcesBuildPhase section */
		8406CB8F2363614400029493 /* Sources */ = {
			isa = PBXSourcesBuildPhase;
			buildActionMask = 2147483647;
			files = (
				8406CBCF23640D6800029493 /* Data.swift in Sources */,
				8406CBDE236442AE00029493 /* SceneList.swift in Sources */,
				8406CB972363614400029493 /* AppDelegate.swift in Sources */,
				8406CBC723636BB700029493 /* CircleImage.swift in Sources */,
				8406CBCD23640B5D00029493 /* Scene.swift in Sources */,
				8406CBC923636E6C00029493 /* MapView.swift in Sources */,
				8406CB992363614400029493 /* SceneDelegate.swift in Sources */,
				8406CB9B2363614400029493 /* ContentView.swift in Sources */,
				8406CBE2236453EB00029493 /* UserData.swift in Sources */,
				8406CBDC23643F8400029493 /* SceneRow.swift in Sources */,
			);
			runOnlyForDeploymentPostprocessing = 0;
		};
		8406CBA52363614500029493 /* Sources */ = {
			isa = PBXSourcesBuildPhase;
			buildActionMask = 2147483647;
			files = (
				8406CBAE2363614500029493 /* first_demoTests.swift in Sources */,
			);
			runOnlyForDeploymentPostprocessing = 0;
		};
		8406CBB02363614500029493 /* Sources */ = {
			isa = PBXSourcesBuildPhase;
			buildActionMask = 2147483647;
			files = (
				8406CBB92363614500029493 /* first_demoUITests.swift in Sources */,
			);
			runOnlyForDeploymentPostprocessing = 0;
		};
/* End PBXSourcesBuildPhase section */

/* Begin PBXTargetDependency section */
		8406CBAB2363614500029493 /* PBXTargetDependency */ = {
			isa = PBXTargetDependency;
			target = 8406CB922363614400029493 /* first-demo */;
			targetProxy = 8406CBAA2363614500029493 /* PBXContainerItemProxy */;
		};
		8406CBB62363614500029493 /* PBXTargetDependency */ = {
			isa = PBXTargetDependency;
			target = 8406CB922363614400029493 /* first-demo */;
			targetProxy = 8406CBB52363614500029493 /* PBXContainerItemProxy */;
		};
/* End PBXTargetDependency section */

/* Begin PBXVariantGroup section */
		8406CBA12363614500029493 /* LaunchScreen.storyboard */ = {
			isa = PBXVariantGroup;
			children = (
				8406CBA22363614500029493 /* Base */,
			);
			name = LaunchScreen.storyboard;
			sourceTree = "<group>";
		};
/* End PBXVariantGroup section */

/* Begin XCBuildConfiguration section */
		8406CBBB2363614500029493 /* Debug */ = {
			isa = XCBuildConfiguration;
			buildSettings = {
				ALWAYS_SEARCH_USER_PATHS = NO;
				CLANG_ANALYZER_NONNULL = YES;
				CLANG_ANALYZER_NUMBER_OBJECT_CONVERSION = YES_AGGRESSIVE;
				CLANG_CXX_LANGUAGE_STANDARD = "gnu++14";
				CLANG_CXX_LIBRARY = "libc++";
				CLANG_ENABLE_MODULES = YES;
				CLANG_ENABLE_OBJC_ARC = YES;
				CLANG_ENABLE_OBJC_WEAK = YES;
				CLANG_WARN_BLOCK_CAPTURE_AUTORELEASING = YES;
				CLANG_WARN_BOOL_CONVERSION = YES;
				CLANG_WARN_COMMA = YES;
				CLANG_WARN_CONSTANT_CONVERSION = YES;
				CLANG_WARN_DEPRECATED_OBJC_IMPLEMENTATIONS = YES;
				CLANG_WARN_DIRECT_OBJC_ISA_USAGE = YES_ERROR;
				CLANG_WARN_DOCUMENTATION_COMMENTS = YES;
				CLANG_WARN_EMPTY_BODY = YES;
				CLANG_WARN_ENUM_CONVERSION = YES;
				CLANG_WARN_INFINITE_RECURSION = YES;
				CLANG_WARN_INT_CONVERSION = YES;
				CLANG_WARN_NON_LITERAL_NULL_CONVERSION = YES;
				CLANG_WARN_OBJC_IMPLICIT_RETAIN_SELF = YES;
				CLANG_WARN_OBJC_LITERAL_CONVERSION = YES;
				CLANG_WARN_OBJC_ROOT_CLASS = YES_ERROR;
				CLANG_WARN_RANGE_LOOP_ANALYSIS = YES;
				CLANG_WARN_STRICT_PROTOTYPES = YES;
				CLANG_WARN_SUSPICIOUS_MOVE = YES;
				CLANG_WARN_UNGUARDED_AVAILABILITY = YES_AGGRESSIVE;
				CLANG_WARN_UNREACHABLE_CODE = YES;
				CLANG_WARN__DUPLICATE_METHOD_MATCH = YES;
				COPY_PHASE_STRIP = NO;
				DEBUG_INFORMATION_FORMAT = dwarf;
				ENABLE_STRICT_OBJC_MSGSEND = YES;
				ENABLE_TESTABILITY = YES;
				GCC_C_LANGUAGE_STANDARD = gnu11;
				GCC_DYNAMIC_NO_PIC = NO;
				GCC_NO_COMMON_BLOCKS = YES;
				GCC_OPTIMIZATION_LEVEL = 0;
				GCC_PREPROCESSOR_DEFINITIONS = (
					"DEBUG=1",
					"$(inherited)",
				);
				GCC_WARN_64_TO_32_BIT_CONVERSION = YES;
				GCC_WARN_ABOUT_RETURN_TYPE = YES_ERROR;
				GCC_WARN_UNDECLARED_SELECTOR = YES;
				GCC_WARN_UNINITIALIZED_AUTOS = YES_AGGRESSIVE;
				GCC_WARN_UNUSED_FUNCTION = YES;
				GCC_WARN_UNUSED_VARIABLE = YES;
				IPHONEOS_DEPLOYMENT_TARGET = 13.1;
				MTL_ENABLE_DEBUG_INFO = INCLUDE_SOURCE;
				MTL_FAST_MATH = YES;
				ONLY_ACTIVE_ARCH = YES;
				SDKROOT = iphoneos;
				SWIFT_ACTIVE_COMPILATION_CONDITIONS = DEBUG;
				SWIFT_OPTIMIZATION_LEVEL = "-Onone";
			};
			name = Debug;
		};
		8406CBBC2363614500029493 /* Release */ = {
			isa = XCBuildConfiguration;
			buildSettings = {
				ALWAYS_SEARCH_USER_PATHS = NO;
				CLANG_ANALYZER_NONNULL = YES;
				CLANG_ANALYZER_NUMBER_OBJECT_CONVERSION = YES_AGGRESSIVE;
				CLANG_CXX_LANGUAGE_STANDARD = "gnu++14";
				CLANG_CXX_LIBRARY = "libc++";
				CLANG_ENABLE_MODULES = YES;
				CLANG_ENABLE_OBJC_ARC = YES;
				CLANG_ENABLE_OBJC_WEAK = YES;
				CLANG_WARN_BLOCK_CAPTURE_AUTORELEASING = YES;
				CLANG_WARN_BOOL_CONVERSION = YES;
				CLANG_WARN_COMMA = YES;
				CLANG_WARN_CONSTANT_CONVERSION = YES;
				CLANG_WARN_DEPRECATED_OBJC_IMPLEMENTATIONS = YES;
				CLANG_WARN_DIRECT_OBJC_ISA_USAGE = YES_ERROR;
				CLANG_WARN_DOCUMENTATION_COMMENTS = YES;
				CLANG_WARN_EMPTY_BODY = YES;
				CLANG_WARN_ENUM_CONVERSION = YES;
				CLANG_WARN_INFINITE_RECURSION = YES;
				CLANG_WARN_INT_CONVERSION = YES;
				CLANG_WARN_NON_LITERAL_NULL_CONVERSION = YES;
				CLANG_WARN_OBJC_IMPLICIT_RETAIN_SELF = YES;
				CLANG_WARN_OBJC_LITERAL_CONVERSION = YES;
				CLANG_WARN_OBJC_ROOT_CLASS = YES_ERROR;
				CLANG_WARN_RANGE_LOOP_ANALYSIS = YES;
				CLANG_WARN_STRICT_PROTOTYPES = YES;
				CLANG_WARN_SUSPICIOUS_MOVE = YES;
				CLANG_WARN_UNGUARDED_AVAILABILITY = YES_AGGRESSIVE;
				CLANG_WARN_UNREACHABLE_CODE = YES;
				CLANG_WARN__DUPLICATE_METHOD_MATCH = YES;
				COPY_PHASE_STRIP = NO;
				DEBUG_INFORMATION_FORMAT = "dwarf-with-dsym";
				ENABLE_NS_ASSERTIONS = NO;
				ENABLE_STRICT_OBJC_MSGSEND = YES;
				GCC_C_LANGUAGE_STANDARD = gnu11;
				GCC_NO_COMMON_BLOCKS = YES;
				GCC_WARN_64_TO_32_BIT_CONVERSION = YES;
				GCC_WARN_ABOUT_RETURN_TYPE = YES_ERROR;
				GCC_WARN_UNDECLARED_SELECTOR = YES;
				GCC_WARN_UNINITIALIZED_AUTOS = YES_AGGRESSIVE;
				GCC_WARN_UNUSED_FUNCTION = YES;
				GCC_WARN_UNUSED_VARIABLE = YES;
				IPHONEOS_DEPLOYMENT_TARGET = 13.1;
				MTL_ENABLE_DEBUG_INFO = NO;
				MTL_FAST_MATH = YES;
				SDKROOT = iphoneos;
				SWIFT_COMPILATION_MODE = wholemodule;
				SWIFT_OPTIMIZATION_LEVEL = "-O";
				VALIDATE_PRODUCT = YES;
			};
			name = Release;
		};
		8406CBBE2363614500029493 /* Debug */ = {
			isa = XCBuildConfiguration;
			buildSettings = {
				ASSETCATALOG_COMPILER_APPICON_NAME = AppIcon;
				CODE_SIGN_STYLE = Automatic;
				DEVELOPMENT_ASSET_PATHS = "\"first-demo/Preview Content\"";
				DEVELOPMENT_TEAM = LEG7CXMPKJ;
				ENABLE_PREVIEWS = YES;
				INFOPLIST_FILE = "first-demo/Info.plist";
				LD_RUNPATH_SEARCH_PATHS = (
					"$(inherited)",
					"@executable_path/Frameworks",
				);
				PRODUCT_BUNDLE_IDENTIFIER = "me.kingcos.first-demo";
				PRODUCT_NAME = "$(TARGET_NAME)";
				SWIFT_VERSION = 5.0;
				TARGETED_DEVICE_FAMILY = "1,2";
			};
			name = Debug;
		};
		8406CBBF2363614500029493 /* Release */ = {
			isa = XCBuildConfiguration;
			buildSettings = {
				ASSETCATALOG_COMPILER_APPICON_NAME = AppIcon;
				CODE_SIGN_STYLE = Automatic;
				DEVELOPMENT_ASSET_PATHS = "\"first-demo/Preview Content\"";
				DEVELOPMENT_TEAM = LEG7CXMPKJ;
				ENABLE_PREVIEWS = YES;
				INFOPLIST_FILE = "first-demo/Info.plist";
				LD_RUNPATH_SEARCH_PATHS = (
					"$(inherited)",
					"@executable_path/Frameworks",
				);
				PRODUCT_BUNDLE_IDENTIFIER = "me.kingcos.first-demo";
				PRODUCT_NAME = "$(TARGET_NAME)";
				SWIFT_VERSION = 5.0;
				TARGETED_DEVICE_FAMILY = "1,2";
			};
			name = Release;
		};
		8406CBC12363614500029493 /* Debug */ = {
			isa = XCBuildConfiguration;
			buildSettings = {
				ALWAYS_EMBED_SWIFT_STANDARD_LIBRARIES = YES;
				BUNDLE_LOADER = "$(TEST_HOST)";
				CODE_SIGN_STYLE = Automatic;
				DEVELOPMENT_TEAM = LEG7CXMPKJ;
				INFOPLIST_FILE = "first-demoTests/Info.plist";
				IPHONEOS_DEPLOYMENT_TARGET = 13.1;
				LD_RUNPATH_SEARCH_PATHS = (
					"$(inherited)",
					"@executable_path/Frameworks",
					"@loader_path/Frameworks",
				);
				PRODUCT_BUNDLE_IDENTIFIER = "me.kingcos.first-demoTests";
				PRODUCT_NAME = "$(TARGET_NAME)";
				SWIFT_VERSION = 5.0;
				TARGETED_DEVICE_FAMILY = "1,2";
				TEST_HOST = "$(BUILT_PRODUCTS_DIR)/first-demo.app/first-demo";
			};
			name = Debug;
		};
		8406CBC22363614500029493 /* Release */ = {
			isa = XCBuildConfiguration;
			buildSettings = {
				ALWAYS_EMBED_SWIFT_STANDARD_LIBRARIES = YES;
				BUNDLE_LOADER = "$(TEST_HOST)";
				CODE_SIGN_STYLE = Automatic;
				DEVELOPMENT_TEAM = LEG7CXMPKJ;
				INFOPLIST_FILE = "first-demoTests/Info.plist";
				IPHONEOS_DEPLOYMENT_TARGET = 13.1;
				LD_RUNPATH_SEARCH_PATHS = (
					"$(inherited)",
					"@executable_path/Frameworks",
					"@loader_path/Frameworks",
				);
				PRODUCT_BUNDLE_IDENTIFIER = "me.kingcos.first-demoTests";
				PRODUCT_NAME = "$(TARGET_NAME)";
				SWIFT_VERSION = 5.0;
				TARGETED_DEVICE_FAMILY = "1,2";
				TEST_HOST = "$(BUILT_PRODUCTS_DIR)/first-demo.app/first-demo";
			};
			name = Release;
		};
		8406CBC42363614500029493 /* Debug */ = {
			isa = XCBuildConfiguration;
			buildSettings = {
				ALWAYS_EMBED_SWIFT_STANDARD_LIBRARIES = YES;
				CODE_SIGN_STYLE = Automatic;
				DEVELOPMENT_TEAM = LEG7CXMPKJ;
				INFOPLIST_FILE = "first-demoUITests/Info.plist";
				LD_RUNPATH_SEARCH_PATHS = (
					"$(inherited)",
					"@executable_path/Frameworks",
					"@loader_path/Frameworks",
				);
				PRODUCT_BUNDLE_IDENTIFIER = "me.kingcos.first-demoUITests";
				PRODUCT_NAME = "$(TARGET_NAME)";
				SWIFT_VERSION = 5.0;
				TARGETED_DEVICE_FAMILY = "1,2";
				TEST_TARGET_NAME = "first-demo";
			};
			name = Debug;
		};
		8406CBC52363614500029493 /* Release */ = {
			isa = XCBuildConfiguration;
			buildSettings = {
				ALWAYS_EMBED_SWIFT_STANDARD_LIBRARIES = YES;
				CODE_SIGN_STYLE = Automatic;
				DEVELOPMENT_TEAM = LEG7CXMPKJ;
				INFOPLIST_FILE = "first-demoUITests/Info.plist";
				LD_RUNPATH_SEARCH_PATHS = (
					"$(inherited)",
					"@executable_path/Frameworks",
					"@loader_path/Frameworks",
				);
				PRODUCT_BUNDLE_IDENTIFIER = "me.kingcos.first-demoUITests";
				PRODUCT_NAME = "$(TARGET_NAME)";
				SWIFT_VERSION = 5.0;
				TARGETED_DEVICE_FAMILY = "1,2";
				TEST_TARGET_NAME = "first-demo";
			};
			name = Release;
		};
/* End XCBuildConfiguration section */

/* Begin XCConfigurationList section */
		8406CB8E2363614400029493 /* Build configuration list for PBXProject "first-demo" */ = {
			isa = XCConfigurationList;
			buildConfigurations = (
				8406CBBB2363614500029493 /* Debug */,
				8406CBBC2363614500029493 /* Release */,
			);
			defaultConfigurationIsVisible = 0;
			defaultConfigurationName = Release;
		};
		8406CBBD2363614500029493 /* Build configuration list for PBXNativeTarget "first-demo" */ = {
			isa = XCConfigurationList;
			buildConfigurations = (
				8406CBBE2363614500029493 /* Debug */,
				8406CBBF2363614500029493 /* Release */,
			);
			defaultConfigurationIsVisible = 0;
			defaultConfigurationName = Release;
		};
		8406CBC02363614500029493 /* Build configuration list for PBXNativeTarget "first-demoTests" */ = {
			isa = XCConfigurationList;
			buildConfigurations = (
				8406CBC12363614500029493 /* Debug */,
				8406CBC22363614500029493 /* Release */,
			);
			defaultConfigurationIsVisible = 0;
			defaultConfigurationName = Release;
		};
		8406CBC32363614500029493 /* Build configuration list for PBXNativeTarget "first-demoUITests" */ = {
			isa = XCConfigurationList;
			buildConfigurations = (
				8406CBC42363614500029493 /* Debug */,
				8406CBC52363614500029493 /* Release */,
			);
			defaultConfigurationIsVisible = 0;
			defaultConfigurationName = Release;
		};
/* End XCConfigurationList section */
	};
	rootObject = 8406CB8B2363614400029493 /* Project object */;
}
